{
  "version": 4,
  "terraform_version": "1.8.2",
  "serial": 116,
  "lineage": "4fc796a9-8e28-628a-af00-06826560f1a4",
  "outputs": {
    "lb_dns_name": {
      "value": "Two-Tier-LB-1914349816.ap-south-1.elb.amazonaws.com",
      "type": "string"
    }
  },
  "resources": [
    {
      "mode": "managed",
      "type": "aws_db_instance",
      "name": "data_tier_db",
      "provider": "provider[\"registry.terraform.io/hashicorp/aws\"]",
      "instances": [
        {
          "schema_version": 2,
          "attributes": {
            "address": "terraform-20240507060727773700000004.cdbinyfolzbh.ap-south-1.rds.amazonaws.com",
            "allocated_storage": 10,
            "allow_major_version_upgrade": null,
            "apply_immediately": false,
            "arn": "arn:aws:rds:ap-south-1:480323591277:db:terraform-20240507060727773700000004",
            "auto_minor_version_upgrade": true,
            "availability_zone": "ap-south-1c",
            "backup_retention_period": 0,
            "backup_target": "region",
            "backup_window": "19:13-19:43",
            "blue_green_update": [],
            "ca_cert_identifier": "rds-ca-rsa2048-g1",
            "character_set_name": "",
            "copy_tags_to_snapshot": false,
            "custom_iam_instance_profile": "",
            "customer_owned_ip_enabled": false,
            "db_name": "Data_Tier_DB",
            "db_subnet_group_name": "two-tier-subnet-group",
            "dedicated_log_volume": false,
            "delete_automated_backups": true,
            "deletion_protection": false,
            "domain": "",
            "domain_auth_secret_arn": "",
            "domain_dns_ips": [],
            "domain_fqdn": "",
            "domain_iam_role_name": "",
            "domain_ou": "",
            "enabled_cloudwatch_logs_exports": [],
            "endpoint": "terraform-20240507060727773700000004.cdbinyfolzbh.ap-south-1.rds.amazonaws.com:3306",
            "engine": "mysql",
            "engine_version": "8.0.32",
            "engine_version_actual": "8.0.32",
            "final_snapshot_identifier": null,
            "hosted_zone_id": "Z2VFMSZA74J7XZ",
            "iam_database_authentication_enabled": false,
            "id": "db-6DDDR7A5M2AMKYN2PLL6VY3CYU",
            "identifier": "terraform-20240507060727773700000004",
            "identifier_prefix": "terraform-",
            "instance_class": "db.t3.micro",
            "iops": 0,
            "kms_key_id": "",
            "latest_restorable_time": "",
            "license_model": "general-public-license",
            "listener_endpoint": [],
            "maintenance_window": "fri:13:28-fri:13:58",
            "manage_master_user_password": true,
            "master_user_secret": [
              {
                "kms_key_id": "arn:aws:kms:ap-south-1:480323591277:key/da27671e-0d16-4fee-afc0-4e2a2ede2487",
                "secret_arn": "arn:aws:secretsmanager:ap-south-1:480323591277:secret:rds!db-b9986acd-f3e4-4fab-9081-c588a5f13e56-Omyfgr",
                "secret_status": "active"
              }
            ],
            "master_user_secret_kms_key_id": null,
            "max_allocated_storage": 0,
            "monitoring_interval": 0,
            "monitoring_role_arn": "",
            "multi_az": false,
            "nchar_character_set_name": "",
            "network_type": "IPV4",
            "option_group_name": "default:mysql-8-0",
            "parameter_group_name": "default.mysql8.0",
            "password": null,
            "performance_insights_enabled": false,
            "performance_insights_kms_key_id": "",
            "performance_insights_retention_period": 0,
            "port": 3306,
            "publicly_accessible": false,
            "replica_mode": "",
            "replicas": [],
            "replicate_source_db": "",
            "resource_id": "db-6DDDR7A5M2AMKYN2PLL6VY3CYU",
            "restore_to_point_in_time": [],
            "s3_import": [],
            "skip_final_snapshot": false,
            "snapshot_identifier": null,
            "status": "available",
            "storage_encrypted": false,
            "storage_throughput": 0,
            "storage_type": "gp2",
            "tags": {},
            "tags_all": {},
            "timeouts": null,
            "timezone": "",
            "username": "admin",
            "vpc_security_group_ids": [
              "sg-08389f552e58b4180"
            ]
          },
          "sensitive_attributes": [
            [
              {
                "type": "get_attr",
                "value": "password"
              }
            ]
          ],
          "private": "eyJlMmJmYjczMC1lY2FhLTExZTYtOGY4OC0zNDM2M2JjN2M0YzAiOnsiY3JlYXRlIjoyNDAwMDAwMDAwMDAwLCJkZWxldGUiOjM2MDAwMDAwMDAwMDAsInVwZGF0ZSI6NDgwMDAwMDAwMDAwMH0sInNjaGVtYV92ZXJzaW9uIjoiMiJ9",
          "dependencies": [
            "aws_db_subnet_group.db_subnet_group",
            "aws_security_group.bastion_host_sg",
            "aws_security_group.db_tier_sg",
            "aws_security_group.two_tier_app_sg",
            "aws_security_group.two_tier_lb_sg",
            "aws_vpc.two_tier_vpc",
            "module.DB_subnet_1.aws_subnet.main",
            "module.DB_subnet_2.aws_subnet.main",
            "module.DB_subnet_3.aws_subnet.main"
          ]
        }
      ]
    },
    {
      "mode": "managed",
      "type": "aws_db_subnet_group",
      "name": "db_subnet_group",
      "provider": "provider[\"registry.terraform.io/hashicorp/aws\"]",
      "instances": [
        {
          "schema_version": 0,
          "attributes": {
            "arn": "arn:aws:rds:ap-south-1:480323591277:subgrp:two-tier-subnet-group",
            "description": "Managed by Terraform",
            "id": "two-tier-subnet-group",
            "name": "two-tier-subnet-group",
            "name_prefix": "",
            "subnet_ids": [
              "subnet-00d2bb9d150416639",
              "subnet-03b42991782ae643e",
              "subnet-08cd71ba27c82afee"
            ],
            "supported_network_types": [
              "IPV4"
            ],
            "tags": {
              "Name": "Subnet group for Two-Tier Archtecture design"
            },
            "tags_all": {
              "Name": "Subnet group for Two-Tier Archtecture design"
            },
            "vpc_id": "vpc-08f047f8ff328e386"
          },
          "sensitive_attributes": [],
          "private": "bnVsbA==",
          "dependencies": [
            "aws_vpc.two_tier_vpc",
            "module.DB_subnet_1.aws_subnet.main",
            "module.DB_subnet_2.aws_subnet.main",
            "module.DB_subnet_3.aws_subnet.main"
          ]
        }
      ]
    },
    {
      "mode": "managed",
      "type": "aws_eip",
      "name": "NAT_DB_eip",
      "provider": "provider[\"registry.terraform.io/hashicorp/aws\"]",
      "instances": [
        {
          "schema_version": 0,
          "attributes": {
            "address": null,
            "allocation_id": "eipalloc-03f187624dcdc64d2",
            "arn": "arn:aws:ec2:ap-south-1:480323591277:elastic-ip/eipalloc-03f187624dcdc64d2",
            "associate_with_private_ip": null,
            "association_id": "eipassoc-03ae8b68c58dc3109",
            "carrier_ip": "",
            "customer_owned_ip": "",
            "customer_owned_ipv4_pool": "",
            "domain": "vpc",
            "id": "eipalloc-03f187624dcdc64d2",
            "instance": "",
            "network_border_group": "ap-south-1",
            "network_interface": "eni-0d82e532e39f96e7f",
            "private_dns": "ip-10-0-1-100.ap-south-1.compute.internal",
            "private_ip": "10.0.1.100",
            "ptr_record": "",
            "public_dns": "ec2-13-201-152-11.ap-south-1.compute.amazonaws.com",
            "public_ip": "13.201.152.11",
            "public_ipv4_pool": "amazon",
            "tags": {},
            "tags_all": {},
            "timeouts": null,
            "vpc": true
          },
          "sensitive_attributes": [],
          "private": "eyJlMmJmYjczMC1lY2FhLTExZTYtOGY4OC0zNDM2M2JjN2M0YzAiOnsiZGVsZXRlIjoxODAwMDAwMDAwMDAsInJlYWQiOjkwMDAwMDAwMDAwMCwidXBkYXRlIjozMDAwMDAwMDAwMDB9fQ=="
        }
      ]
    },
    {
      "mode": "managed",
      "type": "aws_eip",
      "name": "NAT_eip",
      "provider": "provider[\"registry.terraform.io/hashicorp/aws\"]",
      "instances": [
        {
          "schema_version": 0,
          "attributes": {
            "address": null,
            "allocation_id": "eipalloc-0deffd44a74e5b2ba",
            "arn": "arn:aws:ec2:ap-south-1:480323591277:elastic-ip/eipalloc-0deffd44a74e5b2ba",
            "associate_with_private_ip": null,
            "association_id": "eipassoc-07e43dae735a25c09",
            "carrier_ip": "",
            "customer_owned_ip": "",
            "customer_owned_ipv4_pool": "",
            "domain": "vpc",
            "id": "eipalloc-0deffd44a74e5b2ba",
            "instance": "",
            "network_border_group": "ap-south-1",
            "network_interface": "eni-0979522bab333defa",
            "private_dns": "ip-10-0-0-4.ap-south-1.compute.internal",
            "private_ip": "10.0.0.4",
            "ptr_record": "",
            "public_dns": "ec2-13-126-80-133.ap-south-1.compute.amazonaws.com",
            "public_ip": "13.126.80.133",
            "public_ipv4_pool": "amazon",
            "tags": {},
            "tags_all": {},
            "timeouts": null,
            "vpc": true
          },
          "sensitive_attributes": [],
          "private": "eyJlMmJmYjczMC1lY2FhLTExZTYtOGY4OC0zNDM2M2JjN2M0YzAiOnsiZGVsZXRlIjoxODAwMDAwMDAwMDAsInJlYWQiOjkwMDAwMDAwMDAwMCwidXBkYXRlIjozMDAwMDAwMDAwMDB9fQ=="
        }
      ]
    },
    {
      "mode": "managed",
      "type": "aws_instance",
      "name": "two_tier_bastion_host",
      "provider": "provider[\"registry.terraform.io/hashicorp/aws\"]",
      "instances": [
        {
          "schema_version": 1,
          "attributes": {
            "ami": "ami-0f58b397bc5c1f2e8",
            "arn": "arn:aws:ec2:ap-south-1:480323591277:instance/i-013bec61d45431dd7",
            "associate_public_ip_address": true,
            "availability_zone": "ap-south-1a",
            "capacity_reservation_specification": [
              {
                "capacity_reservation_preference": "open",
                "capacity_reservation_target": []
              }
            ],
            "cpu_core_count": 1,
            "cpu_options": [
              {
                "amd_sev_snp": "",
                "core_count": 1,
                "threads_per_core": 1
              }
            ],
            "cpu_threads_per_core": 1,
            "credit_specification": [
              {
                "cpu_credits": "standard"
              }
            ],
            "disable_api_stop": false,
            "disable_api_termination": false,
            "ebs_block_device": [],
            "ebs_optimized": false,
            "enclave_options": [
              {
                "enabled": false
              }
            ],
            "ephemeral_block_device": [],
            "get_password_data": false,
            "hibernation": false,
            "host_id": "",
            "host_resource_group_arn": null,
            "iam_instance_profile": "",
            "id": "i-013bec61d45431dd7",
            "instance_initiated_shutdown_behavior": "stop",
            "instance_lifecycle": "",
            "instance_market_options": [],
            "instance_state": "running",
            "instance_type": "t2.micro",
            "ipv6_address_count": 0,
            "ipv6_addresses": [],
            "key_name": "Two_Tier_Key_Pair",
            "launch_template": [],
            "maintenance_options": [
              {
                "auto_recovery": "default"
              }
            ],
            "metadata_options": [
              {
                "http_endpoint": "enabled",
                "http_protocol_ipv6": "disabled",
                "http_put_response_hop_limit": 2,
                "http_tokens": "required",
                "instance_metadata_tags": "disabled"
              }
            ],
            "monitoring": false,
            "network_interface": [],
            "outpost_arn": "",
            "password_data": "",
            "placement_group": "",
            "placement_partition_number": 0,
            "primary_network_interface_id": "eni-03043a5473d992815",
            "private_dns": "ip-10-0-0-59.ap-south-1.compute.internal",
            "private_dns_name_options": [
              {
                "enable_resource_name_dns_a_record": false,
                "enable_resource_name_dns_aaaa_record": false,
                "hostname_type": "ip-name"
              }
            ],
            "private_ip": "10.0.0.59",
            "public_dns": "ec2-13-234-116-159.ap-south-1.compute.amazonaws.com",
            "public_ip": "13.234.116.159",
            "root_block_device": [
              {
                "delete_on_termination": true,
                "device_name": "/dev/sda1",
                "encrypted": false,
                "iops": 3000,
                "kms_key_id": "",
                "tags": {},
                "tags_all": {},
                "throughput": 125,
                "volume_id": "vol-0296e99d6ebad46d6",
                "volume_size": 8,
                "volume_type": "gp3"
              }
            ],
            "secondary_private_ips": [],
            "security_groups": [],
            "source_dest_check": true,
            "spot_instance_request_id": "",
            "subnet_id": "subnet-05b5e6ce76f776540",
            "tags": {
              "Name": "Two-Tier-Bastion-Host"
            },
            "tags_all": {
              "Name": "Two-Tier-Bastion-Host"
            },
            "tenancy": "default",
            "timeouts": null,
            "user_data": null,
            "user_data_base64": null,
            "user_data_replace_on_change": false,
            "volume_tags": null,
            "vpc_security_group_ids": [
              "sg-05c19e222b130487a"
            ]
          },
          "sensitive_attributes": [],
          "private": "eyJlMmJmYjczMC1lY2FhLTExZTYtOGY4OC0zNDM2M2JjN2M0YzAiOnsiY3JlYXRlIjo2MDAwMDAwMDAwMDAsImRlbGV0ZSI6MTIwMDAwMDAwMDAwMCwicmVhZCI6OTAwMDAwMDAwMDAwLCJ1cGRhdGUiOjYwMDAwMDAwMDAwMH0sInNjaGVtYV92ZXJzaW9uIjoiMSJ9",
          "dependencies": [
            "aws_key_pair.two_tier_key_pair",
            "aws_security_group.bastion_host_sg",
            "aws_vpc.two_tier_vpc",
            "module.public_subnet_1.aws_subnet.main",
            "tls_private_key.two_tier_key_info"
          ]
        }
      ]
    },
    {
      "mode": "managed",
      "type": "aws_internet_gateway",
      "name": "two_tier_ig",
      "provider": "provider[\"registry.terraform.io/hashicorp/aws\"]",
      "instances": [
        {
          "schema_version": 0,
          "attributes": {
            "arn": "arn:aws:ec2:ap-south-1:480323591277:internet-gateway/igw-08293e34c0d9ca5fc",
            "id": "igw-08293e34c0d9ca5fc",
            "owner_id": "480323591277",
            "tags": {
              "Name": "2-Tier-Achitecture-IG"
            },
            "tags_all": {
              "Name": "2-Tier-Achitecture-IG"
            },
            "timeouts": null,
            "vpc_id": "vpc-08f047f8ff328e386"
          },
          "sensitive_attributes": [],
          "private": "eyJlMmJmYjczMC1lY2FhLTExZTYtOGY4OC0zNDM2M2JjN2M0YzAiOnsiY3JlYXRlIjoxMjAwMDAwMDAwMDAwLCJkZWxldGUiOjEyMDAwMDAwMDAwMDAsInVwZGF0ZSI6MTIwMDAwMDAwMDAwMH19",
          "dependencies": [
            "aws_vpc.two_tier_vpc"
          ]
        }
      ]
    },
    {
      "mode": "managed",
      "type": "aws_key_pair",
      "name": "two_tier_key_pair",
      "provider": "provider[\"registry.terraform.io/hashicorp/aws\"]",
      "instances": [
        {
          "schema_version": 1,
          "attributes": {
            "arn": "arn:aws:ec2:ap-south-1:480323591277:key-pair/Two_Tier_Key_Pair",
            "fingerprint": "20:8f:43:35:82:2b:c8:f9:fa:39:22:32:51:35:df:0f",
            "id": "Two_Tier_Key_Pair",
            "key_name": "Two_Tier_Key_Pair",
            "key_name_prefix": "",
            "key_pair_id": "key-0d290923b8f573895",
            "key_type": "rsa",
            "public_key": "ssh-rsa AAAAB3NzaC1yc2EAAAADAQABAAACAQC1xOoEGuur0RvSb+mHtvQteac44wzMElmdZMjzwTO2p2XUcK7WFs80RdBkQgS/NMetOeLmKRgtTC72xjesuj2eZwCbqtbmxwDSlecQlVX62rf3Ek2mIimb1m8BAv2r9nEdymlod3j1dUP5Ouo/2ODLNR8K6+/5DATyNnOYo2FLQnkTjCHzAs0nbi2Lce2yJ9Wodr5cR7rmkNySp7uHSflNnLnSsRDVIZ77enT6Plh1uOZnNyCNdB3Eeb+M1ZX43ukZDxuuVF33Pv4fg98gZpk2UtblFfi2mo5iREqiFhvO50ntFff4LYi3YgWqr7sjIRGLqLwQ1Kl4qZfEWCV4w/WTWe7stQmO/lKTXImKWp2JA57fBE3263w4FwJaSw22KhuCp8oipV95+v7SoWRg+2EoJXHTxBx5fY2h/5VBA7alT/xCZkxovxNcea0ATCZeVzscHs6fIW6ulUEYcKUtM9/2HeSZwtmT95lauFZgxVO4jH1MuVhE3soZCy9FucyLk4QRGjBCgNDt5n4nN/h8VZXe1BVpODvnBm8Uxfzz6KUcLbR3I0WVGvAP07olAEv5l5QrtlIEYII1g0kt4spm0H8sgCVq4uqoRIjtSuLwShH5ROZDB+IwcQ8H4eF8gpQz7zbx6p3aaFWaZeTlliqYYCZrMaiC1aC/mZFvKUxP4v/8tw==",
            "tags": {},
            "tags_all": {}
          },
          "sensitive_attributes": [],
          "private": "eyJzY2hlbWFfdmVyc2lvbiI6IjEifQ==",
          "dependencies": [
            "tls_private_key.two_tier_key_info"
          ]
        }
      ]
    },
    {
      "mode": "managed",
      "type": "aws_lb",
      "name": "two-tier_LB",
      "provider": "provider[\"registry.terraform.io/hashicorp/aws\"]",
      "instances": [
        {
          "schema_version": 0,
          "attributes": {
            "access_logs": [
              {
                "bucket": "",
                "enabled": false,
                "prefix": ""
              }
            ],
            "arn": "arn:aws:elasticloadbalancing:ap-south-1:480323591277:loadbalancer/app/Two-Tier-LB/92b0cafec8e70ecd",
            "arn_suffix": "app/Two-Tier-LB/92b0cafec8e70ecd",
            "client_keep_alive": 3600,
            "connection_logs": [
              {
                "bucket": "",
                "enabled": false,
                "prefix": ""
              }
            ],
            "customer_owned_ipv4_pool": "",
            "desync_mitigation_mode": "defensive",
            "dns_name": "Two-Tier-LB-1914349816.ap-south-1.elb.amazonaws.com",
            "dns_record_client_routing_policy": null,
            "drop_invalid_header_fields": false,
            "enable_cross_zone_load_balancing": true,
            "enable_deletion_protection": false,
            "enable_http2": true,
            "enable_tls_version_and_cipher_suite_headers": false,
            "enable_waf_fail_open": false,
            "enable_xff_client_port": false,
            "enforce_security_group_inbound_rules_on_private_link_traffic": "",
            "id": "arn:aws:elasticloadbalancing:ap-south-1:480323591277:loadbalancer/app/Two-Tier-LB/92b0cafec8e70ecd",
            "idle_timeout": 60,
            "internal": false,
            "ip_address_type": "ipv4",
            "load_balancer_type": "application",
            "name": "Two-Tier-LB",
            "name_prefix": "",
            "preserve_host_header": false,
            "security_groups": [
              "sg-0c4090556d540b167"
            ],
            "subnet_mapping": [
              {
                "allocation_id": "",
                "ipv6_address": "",
                "outpost_id": "",
                "private_ipv4_address": "",
                "subnet_id": "subnet-0274dd430ffcfdbbd"
              },
              {
                "allocation_id": "",
                "ipv6_address": "",
                "outpost_id": "",
                "private_ipv4_address": "",
                "subnet_id": "subnet-05b5e6ce76f776540"
              },
              {
                "allocation_id": "",
                "ipv6_address": "",
                "outpost_id": "",
                "private_ipv4_address": "",
                "subnet_id": "subnet-0bcb16b7c27c7fdec"
              }
            ],
            "subnets": [
              "subnet-0274dd430ffcfdbbd",
              "subnet-05b5e6ce76f776540",
              "subnet-0bcb16b7c27c7fdec"
            ],
            "tags": {},
            "tags_all": {},
            "timeouts": null,
            "vpc_id": "vpc-08f047f8ff328e386",
            "xff_header_processing_mode": "append",
            "zone_id": "ZP97RAFLXTNZK"
          },
          "sensitive_attributes": [],
          "private": "eyJlMmJmYjczMC1lY2FhLTExZTYtOGY4OC0zNDM2M2JjN2M0YzAiOnsiY3JlYXRlIjo2MDAwMDAwMDAwMDAsImRlbGV0ZSI6NjAwMDAwMDAwMDAwLCJ1cGRhdGUiOjYwMDAwMDAwMDAwMH19",
          "dependencies": [
            "aws_security_group.two_tier_lb_sg",
            "aws_vpc.two_tier_vpc",
            "module.public_subnet_1.aws_subnet.main",
            "module.public_subnet_2.aws_subnet.main",
            "module.public_subnet_3.aws_subnet.main"
          ]
        }
      ]
    },
    {
      "mode": "managed",
      "type": "aws_lb_listener",
      "name": "lb_listener",
      "provider": "provider[\"registry.terraform.io/hashicorp/aws\"]",
      "instances": [
        {
          "schema_version": 0,
          "attributes": {
            "alpn_policy": null,
            "arn": "arn:aws:elasticloadbalancing:ap-south-1:480323591277:listener/app/Two-Tier-LB/92b0cafec8e70ecd/af2eb0b29ce47d64",
            "certificate_arn": null,
            "default_action": [
              {
                "authenticate_cognito": [],
                "authenticate_oidc": [],
                "fixed_response": [],
                "forward": [],
                "order": 1,
                "redirect": [],
                "target_group_arn": "arn:aws:elasticloadbalancing:ap-south-1:480323591277:targetgroup/Two-Tier-tg/751cd532e01547ce",
                "type": "forward"
              }
            ],
            "id": "arn:aws:elasticloadbalancing:ap-south-1:480323591277:listener/app/Two-Tier-LB/92b0cafec8e70ecd/af2eb0b29ce47d64",
            "load_balancer_arn": "arn:aws:elasticloadbalancing:ap-south-1:480323591277:loadbalancer/app/Two-Tier-LB/92b0cafec8e70ecd",
            "mutual_authentication": [],
            "port": 80,
            "protocol": "HTTP",
            "ssl_policy": "",
            "tags": {},
            "tags_all": {},
            "timeouts": null
          },
          "sensitive_attributes": [],
          "private": "eyJlMmJmYjczMC1lY2FhLTExZTYtOGY4OC0zNDM2M2JjN2M0YzAiOnsiY3JlYXRlIjozMDAwMDAwMDAwMDAsInVwZGF0ZSI6MzAwMDAwMDAwMDAwfX0=",
          "dependencies": [
            "aws_lb.two-tier_LB",
            "aws_lb_target_group.two_tier_lb_tg",
            "aws_security_group.two_tier_lb_sg",
            "aws_vpc.two_tier_vpc",
            "module.public_subnet_1.aws_subnet.main",
            "module.public_subnet_2.aws_subnet.main",
            "module.public_subnet_3.aws_subnet.main"
          ]
        }
      ]
    },
    {
      "mode": "managed",
      "type": "aws_lb_target_group",
      "name": "two_tier_lb_tg",
      "provider": "provider[\"registry.terraform.io/hashicorp/aws\"]",
      "instances": [
        {
          "schema_version": 0,
          "attributes": {
            "arn": "arn:aws:elasticloadbalancing:ap-south-1:480323591277:targetgroup/Two-Tier-tg/751cd532e01547ce",
            "arn_suffix": "targetgroup/Two-Tier-tg/751cd532e01547ce",
            "connection_termination": null,
            "deregistration_delay": "300",
            "health_check": [
              {
                "enabled": true,
                "healthy_threshold": 5,
                "interval": 30,
                "matcher": "200",
                "path": "/",
                "port": "traffic-port",
                "protocol": "HTTP",
                "timeout": 5,
                "unhealthy_threshold": 2
              }
            ],
            "id": "arn:aws:elasticloadbalancing:ap-south-1:480323591277:targetgroup/Two-Tier-tg/751cd532e01547ce",
            "ip_address_type": "ipv4",
            "lambda_multi_value_headers_enabled": false,
            "load_balancer_arns": [
              "arn:aws:elasticloadbalancing:ap-south-1:480323591277:loadbalancer/app/Two-Tier-LB/92b0cafec8e70ecd"
            ],
            "load_balancing_algorithm_type": "round_robin",
            "load_balancing_anomaly_mitigation": "off",
            "load_balancing_cross_zone_enabled": "use_load_balancer_configuration",
            "name": "Two-Tier-tg",
            "name_prefix": "",
            "port": 80,
            "preserve_client_ip": null,
            "protocol": "HTTP",
            "protocol_version": "HTTP1",
            "proxy_protocol_v2": false,
            "slow_start": 0,
            "stickiness": [
              {
                "cookie_duration": 86400,
                "cookie_name": "",
                "enabled": false,
                "type": "app_cookie"
              }
            ],
            "tags": {},
            "tags_all": {},
            "target_failover": [
              {
                "on_deregistration": null,
                "on_unhealthy": null
              }
            ],
            "target_health_state": [
              {
                "enable_unhealthy_connection_termination": null
              }
            ],
            "target_type": "instance",
            "vpc_id": "vpc-08f047f8ff328e386"
          },
          "sensitive_attributes": [],
          "private": "bnVsbA==",
          "dependencies": [
            "aws_vpc.two_tier_vpc"
          ]
        }
      ]
    },
    {
      "mode": "managed",
      "type": "aws_lb_target_group_attachment",
      "name": "tg_att_01",
      "provider": "provider[\"registry.terraform.io/hashicorp/aws\"]",
      "instances": [
        {
          "schema_version": 0,
          "attributes": {
            "availability_zone": null,
            "id": "arn:aws:elasticloadbalancing:ap-south-1:480323591277:targetgroup/Two-Tier-tg/751cd532e01547ce-20240507063915709700000003",
            "port": 80,
            "target_group_arn": "arn:aws:elasticloadbalancing:ap-south-1:480323591277:targetgroup/Two-Tier-tg/751cd532e01547ce",
            "target_id": "i-0278456de1497592b"
          },
          "sensitive_attributes": [],
          "private": "bnVsbA==",
          "dependencies": [
            "aws_lb_target_group.two_tier_lb_tg",
            "aws_security_group.bastion_host_sg",
            "aws_security_group.two_tier_app_sg",
            "aws_security_group.two_tier_lb_sg",
            "aws_vpc.two_tier_vpc",
            "module.Two-Tier-App-Server-01.aws_instance.two_tier_server",
            "module.private_subnet_1.aws_subnet.main"
          ]
        }
      ]
    },
    {
      "mode": "managed",
      "type": "aws_lb_target_group_attachment",
      "name": "tg_att_02",
      "provider": "provider[\"registry.terraform.io/hashicorp/aws\"]",
      "instances": [
        {
          "schema_version": 0,
          "attributes": {
            "availability_zone": null,
            "id": "arn:aws:elasticloadbalancing:ap-south-1:480323591277:targetgroup/Two-Tier-tg/751cd532e01547ce-20240507063925747200000004",
            "port": 80,
            "target_group_arn": "arn:aws:elasticloadbalancing:ap-south-1:480323591277:targetgroup/Two-Tier-tg/751cd532e01547ce",
            "target_id": "i-0e5d9c219f77f5462"
          },
          "sensitive_attributes": [],
          "private": "bnVsbA==",
          "dependencies": [
            "aws_lb_target_group.two_tier_lb_tg",
            "aws_security_group.bastion_host_sg",
            "aws_security_group.two_tier_app_sg",
            "aws_security_group.two_tier_lb_sg",
            "aws_vpc.two_tier_vpc",
            "module.Two-Tier-App-Server-02.aws_instance.two_tier_server",
            "module.private_subnet_2.aws_subnet.main"
          ]
        }
      ]
    },
    {
      "mode": "managed",
      "type": "aws_nat_gateway",
      "name": "two_tier_NAT",
      "provider": "provider[\"registry.terraform.io/hashicorp/aws\"]",
      "instances": [
        {
          "schema_version": 0,
          "attributes": {
            "allocation_id": "eipalloc-0deffd44a74e5b2ba",
            "association_id": "eipassoc-07e43dae735a25c09",
            "connectivity_type": "public",
            "id": "nat-02f17f61dadf9cd31",
            "network_interface_id": "eni-0979522bab333defa",
            "private_ip": "10.0.0.4",
            "public_ip": "13.126.80.133",
            "secondary_allocation_ids": [],
            "secondary_private_ip_address_count": 0,
            "secondary_private_ip_addresses": [],
            "subnet_id": "subnet-05b5e6ce76f776540",
            "tags": {
              "Name": "Two-Tier-NAT"
            },
            "tags_all": {
              "Name": "Two-Tier-NAT"
            },
            "timeouts": null
          },
          "sensitive_attributes": [],
          "private": "eyJlMmJmYjczMC1lY2FhLTExZTYtOGY4OC0zNDM2M2JjN2M0YzAiOnsiY3JlYXRlIjo2MDAwMDAwMDAwMDAsImRlbGV0ZSI6MTgwMDAwMDAwMDAwMCwidXBkYXRlIjo2MDAwMDAwMDAwMDB9fQ==",
          "dependencies": [
            "aws_eip.NAT_eip",
            "aws_internet_gateway.two_tier_ig",
            "aws_vpc.two_tier_vpc",
            "module.public_subnet_1.aws_subnet.main"
          ]
        }
      ]
    },
    {
      "mode": "managed",
      "type": "aws_nat_gateway",
      "name": "two_tier_NAT_DB",
      "provider": "provider[\"registry.terraform.io/hashicorp/aws\"]",
      "instances": [
        {
          "schema_version": 0,
          "attributes": {
            "allocation_id": "eipalloc-03f187624dcdc64d2",
            "association_id": "eipassoc-03ae8b68c58dc3109",
            "connectivity_type": "public",
            "id": "nat-06e95bcd421509db9",
            "network_interface_id": "eni-0d82e532e39f96e7f",
            "private_ip": "10.0.1.100",
            "public_ip": "13.201.152.11",
            "secondary_allocation_ids": [],
            "secondary_private_ip_address_count": 0,
            "secondary_private_ip_addresses": [],
            "subnet_id": "subnet-0274dd430ffcfdbbd",
            "tags": {
              "Name": "Two-Tier-DB-NAT"
            },
            "tags_all": {
              "Name": "Two-Tier-DB-NAT"
            },
            "timeouts": null
          },
          "sensitive_attributes": [],
          "private": "eyJlMmJmYjczMC1lY2FhLTExZTYtOGY4OC0zNDM2M2JjN2M0YzAiOnsiY3JlYXRlIjo2MDAwMDAwMDAwMDAsImRlbGV0ZSI6MTgwMDAwMDAwMDAwMCwidXBkYXRlIjo2MDAwMDAwMDAwMDB9fQ==",
          "dependencies": [
            "aws_eip.NAT_DB_eip",
            "aws_internet_gateway.two_tier_ig",
            "aws_vpc.two_tier_vpc",
            "module.public_subnet_2.aws_subnet.main"
          ]
        }
      ]
    },
    {
      "mode": "managed",
      "type": "aws_route_table",
      "name": "two_tier_DB_RT",
      "provider": "provider[\"registry.terraform.io/hashicorp/aws\"]",
      "instances": [
        {
          "schema_version": 0,
          "attributes": {
            "arn": "arn:aws:ec2:ap-south-1:480323591277:route-table/rtb-0a4bce735e14967bc",
            "id": "rtb-0a4bce735e14967bc",
            "owner_id": "480323591277",
            "propagating_vgws": [],
            "route": [
              {
                "carrier_gateway_id": "",
                "cidr_block": "0.0.0.0/0",
                "core_network_arn": "",
                "destination_prefix_list_id": "",
                "egress_only_gateway_id": "",
                "gateway_id": "",
                "ipv6_cidr_block": "",
                "local_gateway_id": "",
                "nat_gateway_id": "nat-06e95bcd421509db9",
                "network_interface_id": "",
                "transit_gateway_id": "",
                "vpc_endpoint_id": "",
                "vpc_peering_connection_id": ""
              }
            ],
            "tags": {
              "Name": "2-Tier-DB-RT"
            },
            "tags_all": {
              "Name": "2-Tier-DB-RT"
            },
            "timeouts": null,
            "vpc_id": "vpc-08f047f8ff328e386"
          },
          "sensitive_attributes": [],
          "private": "eyJlMmJmYjczMC1lY2FhLTExZTYtOGY4OC0zNDM2M2JjN2M0YzAiOnsiY3JlYXRlIjozMDAwMDAwMDAwMDAsImRlbGV0ZSI6MzAwMDAwMDAwMDAwLCJ1cGRhdGUiOjEyMDAwMDAwMDAwMH19",
          "dependencies": [
            "aws_eip.NAT_DB_eip",
            "aws_internet_gateway.two_tier_ig",
            "aws_nat_gateway.two_tier_NAT_DB",
            "aws_vpc.two_tier_vpc",
            "module.public_subnet_2.aws_subnet.main"
          ]
        }
      ]
    },
    {
      "mode": "managed",
      "type": "aws_route_table",
      "name": "two_tier_private_RT",
      "provider": "provider[\"registry.terraform.io/hashicorp/aws\"]",
      "instances": [
        {
          "schema_version": 0,
          "attributes": {
            "arn": "arn:aws:ec2:ap-south-1:480323591277:route-table/rtb-07e6ecfa068ce17b6",
            "id": "rtb-07e6ecfa068ce17b6",
            "owner_id": "480323591277",
            "propagating_vgws": [],
            "route": [
              {
                "carrier_gateway_id": "",
                "cidr_block": "0.0.0.0/0",
                "core_network_arn": "",
                "destination_prefix_list_id": "",
                "egress_only_gateway_id": "",
                "gateway_id": "",
                "ipv6_cidr_block": "",
                "local_gateway_id": "",
                "nat_gateway_id": "nat-02f17f61dadf9cd31",
                "network_interface_id": "",
                "transit_gateway_id": "",
                "vpc_endpoint_id": "",
                "vpc_peering_connection_id": ""
              }
            ],
            "tags": {
              "Name": "2-Tier-Private-RT"
            },
            "tags_all": {
              "Name": "2-Tier-Private-RT"
            },
            "timeouts": null,
            "vpc_id": "vpc-08f047f8ff328e386"
          },
          "sensitive_attributes": [],
          "private": "eyJlMmJmYjczMC1lY2FhLTExZTYtOGY4OC0zNDM2M2JjN2M0YzAiOnsiY3JlYXRlIjozMDAwMDAwMDAwMDAsImRlbGV0ZSI6MzAwMDAwMDAwMDAwLCJ1cGRhdGUiOjEyMDAwMDAwMDAwMH19",
          "dependencies": [
            "aws_eip.NAT_eip",
            "aws_internet_gateway.two_tier_ig",
            "aws_nat_gateway.two_tier_NAT",
            "aws_vpc.two_tier_vpc",
            "module.public_subnet_1.aws_subnet.main"
          ]
        }
      ]
    },
    {
      "mode": "managed",
      "type": "aws_route_table",
      "name": "two_tier_public_RT",
      "provider": "provider[\"registry.terraform.io/hashicorp/aws\"]",
      "instances": [
        {
          "schema_version": 0,
          "attributes": {
            "arn": "arn:aws:ec2:ap-south-1:480323591277:route-table/rtb-0604913be7b656bee",
            "id": "rtb-0604913be7b656bee",
            "owner_id": "480323591277",
            "propagating_vgws": [],
            "route": [
              {
                "carrier_gateway_id": "",
                "cidr_block": "0.0.0.0/0",
                "core_network_arn": "",
                "destination_prefix_list_id": "",
                "egress_only_gateway_id": "",
                "gateway_id": "igw-08293e34c0d9ca5fc",
                "ipv6_cidr_block": "",
                "local_gateway_id": "",
                "nat_gateway_id": "",
                "network_interface_id": "",
                "transit_gateway_id": "",
                "vpc_endpoint_id": "",
                "vpc_peering_connection_id": ""
              }
            ],
            "tags": {
              "Name": "2-Tier-Public-RT"
            },
            "tags_all": {
              "Name": "2-Tier-Public-RT"
            },
            "timeouts": null,
            "vpc_id": "vpc-08f047f8ff328e386"
          },
          "sensitive_attributes": [],
          "private": "eyJlMmJmYjczMC1lY2FhLTExZTYtOGY4OC0zNDM2M2JjN2M0YzAiOnsiY3JlYXRlIjozMDAwMDAwMDAwMDAsImRlbGV0ZSI6MzAwMDAwMDAwMDAwLCJ1cGRhdGUiOjEyMDAwMDAwMDAwMH19",
          "dependencies": [
            "aws_internet_gateway.two_tier_ig",
            "aws_vpc.two_tier_vpc"
          ]
        }
      ]
    },
    {
      "mode": "managed",
      "type": "aws_route_table_association",
      "name": "data_RT_1",
      "provider": "provider[\"registry.terraform.io/hashicorp/aws\"]",
      "instances": [
        {
          "schema_version": 0,
          "attributes": {
            "gateway_id": "",
            "id": "rtbassoc-073b9a5f60f03deea",
            "route_table_id": "rtb-0a4bce735e14967bc",
            "subnet_id": "subnet-03b42991782ae643e",
            "timeouts": null
          },
          "sensitive_attributes": [],
          "private": "eyJlMmJmYjczMC1lY2FhLTExZTYtOGY4OC0zNDM2M2JjN2M0YzAiOnsiY3JlYXRlIjozMDAwMDAwMDAwMDAsImRlbGV0ZSI6MzAwMDAwMDAwMDAwLCJ1cGRhdGUiOjEyMDAwMDAwMDAwMH19",
          "dependencies": [
            "aws_eip.NAT_DB_eip",
            "aws_internet_gateway.two_tier_ig",
            "aws_nat_gateway.two_tier_NAT_DB",
            "aws_route_table.two_tier_DB_RT",
            "aws_vpc.two_tier_vpc",
            "module.DB_subnet_1.aws_subnet.main",
            "module.public_subnet_2.aws_subnet.main"
          ]
        }
      ]
    },
    {
      "mode": "managed",
      "type": "aws_route_table_association",
      "name": "data_RT_2",
      "provider": "provider[\"registry.terraform.io/hashicorp/aws\"]",
      "instances": [
        {
          "schema_version": 0,
          "attributes": {
            "gateway_id": "",
            "id": "rtbassoc-056bb68ad1ad4803a",
            "route_table_id": "rtb-0a4bce735e14967bc",
            "subnet_id": "subnet-08cd71ba27c82afee",
            "timeouts": null
          },
          "sensitive_attributes": [],
          "private": "eyJlMmJmYjczMC1lY2FhLTExZTYtOGY4OC0zNDM2M2JjN2M0YzAiOnsiY3JlYXRlIjozMDAwMDAwMDAwMDAsImRlbGV0ZSI6MzAwMDAwMDAwMDAwLCJ1cGRhdGUiOjEyMDAwMDAwMDAwMH19",
          "dependencies": [
            "aws_eip.NAT_DB_eip",
            "aws_internet_gateway.two_tier_ig",
            "aws_nat_gateway.two_tier_NAT_DB",
            "aws_route_table.two_tier_DB_RT",
            "aws_vpc.two_tier_vpc",
            "module.DB_subnet_2.aws_subnet.main",
            "module.public_subnet_2.aws_subnet.main"
          ]
        }
      ]
    },
    {
      "mode": "managed",
      "type": "aws_route_table_association",
      "name": "data_RT_3",
      "provider": "provider[\"registry.terraform.io/hashicorp/aws\"]",
      "instances": [
        {
          "schema_version": 0,
          "attributes": {
            "gateway_id": "",
            "id": "rtbassoc-0d2b39de870105e6d",
            "route_table_id": "rtb-0a4bce735e14967bc",
            "subnet_id": "subnet-00d2bb9d150416639",
            "timeouts": null
          },
          "sensitive_attributes": [],
          "private": "eyJlMmJmYjczMC1lY2FhLTExZTYtOGY4OC0zNDM2M2JjN2M0YzAiOnsiY3JlYXRlIjozMDAwMDAwMDAwMDAsImRlbGV0ZSI6MzAwMDAwMDAwMDAwLCJ1cGRhdGUiOjEyMDAwMDAwMDAwMH19",
          "dependencies": [
            "aws_eip.NAT_DB_eip",
            "aws_internet_gateway.two_tier_ig",
            "aws_nat_gateway.two_tier_NAT_DB",
            "aws_route_table.two_tier_DB_RT",
            "aws_vpc.two_tier_vpc",
            "module.DB_subnet_3.aws_subnet.main",
            "module.public_subnet_2.aws_subnet.main"
          ]
        }
      ]
    },
    {
      "mode": "managed",
      "type": "aws_route_table_association",
      "name": "private_RT_1",
      "provider": "provider[\"registry.terraform.io/hashicorp/aws\"]",
      "instances": [
        {
          "schema_version": 0,
          "attributes": {
            "gateway_id": "",
            "id": "rtbassoc-0b23584861507dd47",
            "route_table_id": "rtb-07e6ecfa068ce17b6",
            "subnet_id": "subnet-06a86eca9a560ba58",
            "timeouts": null
          },
          "sensitive_attributes": [],
          "private": "eyJlMmJmYjczMC1lY2FhLTExZTYtOGY4OC0zNDM2M2JjN2M0YzAiOnsiY3JlYXRlIjozMDAwMDAwMDAwMDAsImRlbGV0ZSI6MzAwMDAwMDAwMDAwLCJ1cGRhdGUiOjEyMDAwMDAwMDAwMH19",
          "dependencies": [
            "aws_eip.NAT_eip",
            "aws_internet_gateway.two_tier_ig",
            "aws_nat_gateway.two_tier_NAT",
            "aws_route_table.two_tier_private_RT",
            "aws_vpc.two_tier_vpc",
            "module.private_subnet_1.aws_subnet.main",
            "module.public_subnet_1.aws_subnet.main"
          ]
        }
      ]
    },
    {
      "mode": "managed",
      "type": "aws_route_table_association",
      "name": "private_RT_2",
      "provider": "provider[\"registry.terraform.io/hashicorp/aws\"]",
      "instances": [
        {
          "schema_version": 0,
          "attributes": {
            "gateway_id": "",
            "id": "rtbassoc-0e2c7dc0981786149",
            "route_table_id": "rtb-07e6ecfa068ce17b6",
            "subnet_id": "subnet-01b59f14ab3f5444c",
            "timeouts": null
          },
          "sensitive_attributes": [],
          "private": "eyJlMmJmYjczMC1lY2FhLTExZTYtOGY4OC0zNDM2M2JjN2M0YzAiOnsiY3JlYXRlIjozMDAwMDAwMDAwMDAsImRlbGV0ZSI6MzAwMDAwMDAwMDAwLCJ1cGRhdGUiOjEyMDAwMDAwMDAwMH19",
          "dependencies": [
            "aws_eip.NAT_eip",
            "aws_internet_gateway.two_tier_ig",
            "aws_nat_gateway.two_tier_NAT",
            "aws_route_table.two_tier_private_RT",
            "aws_vpc.two_tier_vpc",
            "module.private_subnet_2.aws_subnet.main",
            "module.public_subnet_1.aws_subnet.main"
          ]
        }
      ]
    },
    {
      "mode": "managed",
      "type": "aws_route_table_association",
      "name": "private_RT_3",
      "provider": "provider[\"registry.terraform.io/hashicorp/aws\"]",
      "instances": [
        {
          "schema_version": 0,
          "attributes": {
            "gateway_id": "",
            "id": "rtbassoc-07f8cc0a27d65c5cb",
            "route_table_id": "rtb-07e6ecfa068ce17b6",
            "subnet_id": "subnet-0813fca643f6d9c65",
            "timeouts": null
          },
          "sensitive_attributes": [],
          "private": "eyJlMmJmYjczMC1lY2FhLTExZTYtOGY4OC0zNDM2M2JjN2M0YzAiOnsiY3JlYXRlIjozMDAwMDAwMDAwMDAsImRlbGV0ZSI6MzAwMDAwMDAwMDAwLCJ1cGRhdGUiOjEyMDAwMDAwMDAwMH19",
          "dependencies": [
            "aws_eip.NAT_eip",
            "aws_internet_gateway.two_tier_ig",
            "aws_nat_gateway.two_tier_NAT",
            "aws_route_table.two_tier_private_RT",
            "aws_vpc.two_tier_vpc",
            "module.private_subnet_3.aws_subnet.main",
            "module.public_subnet_1.aws_subnet.main"
          ]
        }
      ]
    },
    {
      "mode": "managed",
      "type": "aws_route_table_association",
      "name": "public_RT_1",
      "provider": "provider[\"registry.terraform.io/hashicorp/aws\"]",
      "instances": [
        {
          "schema_version": 0,
          "attributes": {
            "gateway_id": "",
            "id": "rtbassoc-042142a580ac6faad",
            "route_table_id": "rtb-0604913be7b656bee",
            "subnet_id": "subnet-05b5e6ce76f776540",
            "timeouts": null
          },
          "sensitive_attributes": [],
          "private": "eyJlMmJmYjczMC1lY2FhLTExZTYtOGY4OC0zNDM2M2JjN2M0YzAiOnsiY3JlYXRlIjozMDAwMDAwMDAwMDAsImRlbGV0ZSI6MzAwMDAwMDAwMDAwLCJ1cGRhdGUiOjEyMDAwMDAwMDAwMH19",
          "dependencies": [
            "aws_internet_gateway.two_tier_ig",
            "aws_route_table.two_tier_public_RT",
            "aws_vpc.two_tier_vpc",
            "module.public_subnet_1.aws_subnet.main"
          ]
        }
      ]
    },
    {
      "mode": "managed",
      "type": "aws_route_table_association",
      "name": "public_RT_2",
      "provider": "provider[\"registry.terraform.io/hashicorp/aws\"]",
      "instances": [
        {
          "schema_version": 0,
          "attributes": {
            "gateway_id": "",
            "id": "rtbassoc-0b7fc83274ff12d24",
            "route_table_id": "rtb-0604913be7b656bee",
            "subnet_id": "subnet-0274dd430ffcfdbbd",
            "timeouts": null
          },
          "sensitive_attributes": [],
          "private": "eyJlMmJmYjczMC1lY2FhLTExZTYtOGY4OC0zNDM2M2JjN2M0YzAiOnsiY3JlYXRlIjozMDAwMDAwMDAwMDAsImRlbGV0ZSI6MzAwMDAwMDAwMDAwLCJ1cGRhdGUiOjEyMDAwMDAwMDAwMH19",
          "dependencies": [
            "aws_internet_gateway.two_tier_ig",
            "aws_route_table.two_tier_public_RT",
            "aws_vpc.two_tier_vpc",
            "module.public_subnet_2.aws_subnet.main"
          ]
        }
      ]
    },
    {
      "mode": "managed",
      "type": "aws_route_table_association",
      "name": "public_RT_3",
      "provider": "provider[\"registry.terraform.io/hashicorp/aws\"]",
      "instances": [
        {
          "schema_version": 0,
          "attributes": {
            "gateway_id": "",
            "id": "rtbassoc-0384f86978045e4c8",
            "route_table_id": "rtb-0604913be7b656bee",
            "subnet_id": "subnet-0bcb16b7c27c7fdec",
            "timeouts": null
          },
          "sensitive_attributes": [],
          "private": "eyJlMmJmYjczMC1lY2FhLTExZTYtOGY4OC0zNDM2M2JjN2M0YzAiOnsiY3JlYXRlIjozMDAwMDAwMDAwMDAsImRlbGV0ZSI6MzAwMDAwMDAwMDAwLCJ1cGRhdGUiOjEyMDAwMDAwMDAwMH19",
          "dependencies": [
            "aws_internet_gateway.two_tier_ig",
            "aws_route_table.two_tier_public_RT",
            "aws_vpc.two_tier_vpc",
            "module.public_subnet_3.aws_subnet.main"
          ]
        }
      ]
    },
    {
      "mode": "managed",
      "type": "aws_security_group",
      "name": "bastion_host_sg",
      "provider": "provider[\"registry.terraform.io/hashicorp/aws\"]",
      "instances": [
        {
          "schema_version": 1,
          "attributes": {
            "arn": "arn:aws:ec2:ap-south-1:480323591277:security-group/sg-05c19e222b130487a",
            "description": "Security group for Bastion Host on the presentation tier",
            "egress": [
              {
                "cidr_blocks": [
                  "0.0.0.0/0"
                ],
                "description": "Allow Outbound connectivity",
                "from_port": 0,
                "ipv6_cidr_blocks": [],
                "prefix_list_ids": [],
                "protocol": "-1",
                "security_groups": [],
                "self": false,
                "to_port": 0
              }
            ],
            "id": "sg-05c19e222b130487a",
            "ingress": [
              {
                "cidr_blocks": [
                  "0.0.0.0/0"
                ],
                "description": "SSH into the instance",
                "from_port": 22,
                "ipv6_cidr_blocks": [],
                "prefix_list_ids": [],
                "protocol": "tcp",
                "security_groups": [],
                "self": false,
                "to_port": 22
              }
            ],
            "name": "two-tier_bastion-host-sg",
            "name_prefix": "",
            "owner_id": "480323591277",
            "revoke_rules_on_delete": false,
            "tags": {
              "Name": "two-tier_bastion-host-sg"
            },
            "tags_all": {
              "Name": "two-tier_bastion-host-sg"
            },
            "timeouts": null,
            "vpc_id": "vpc-08f047f8ff328e386"
          },
          "sensitive_attributes": [],
          "private": "eyJlMmJmYjczMC1lY2FhLTExZTYtOGY4OC0zNDM2M2JjN2M0YzAiOnsiY3JlYXRlIjo2MDAwMDAwMDAwMDAsImRlbGV0ZSI6OTAwMDAwMDAwMDAwfSwic2NoZW1hX3ZlcnNpb24iOiIxIn0=",
          "dependencies": [
            "aws_vpc.two_tier_vpc"
          ]
        }
      ]
    },
    {
      "mode": "managed",
      "type": "aws_security_group",
      "name": "db_tier_sg",
      "provider": "provider[\"registry.terraform.io/hashicorp/aws\"]",
      "instances": [
        {
          "schema_version": 1,
          "attributes": {
            "arn": "arn:aws:ec2:ap-south-1:480323591277:security-group/sg-08389f552e58b4180",
            "description": "Allow application tier to communicate to database tier",
            "egress": [],
            "id": "sg-08389f552e58b4180",
            "ingress": [
              {
                "cidr_blocks": [],
                "description": "Allow connection to database",
                "from_port": 3306,
                "ipv6_cidr_blocks": [],
                "prefix_list_ids": [],
                "protocol": "tcp",
                "security_groups": [
                  "sg-0845d3e6d4f301c1d"
                ],
                "self": false,
                "to_port": 3306
              }
            ],
            "name": "two-tier_db-sg",
            "name_prefix": "",
            "owner_id": "480323591277",
            "revoke_rules_on_delete": false,
            "tags": {
              "Name": "two-tier_db-sg"
            },
            "tags_all": {
              "Name": "two-tier_db-sg"
            },
            "timeouts": null,
            "vpc_id": "vpc-08f047f8ff328e386"
          },
          "sensitive_attributes": [],
          "private": "eyJlMmJmYjczMC1lY2FhLTExZTYtOGY4OC0zNDM2M2JjN2M0YzAiOnsiY3JlYXRlIjo2MDAwMDAwMDAwMDAsImRlbGV0ZSI6OTAwMDAwMDAwMDAwfSwic2NoZW1hX3ZlcnNpb24iOiIxIn0=",
          "dependencies": [
            "aws_security_group.bastion_host_sg",
            "aws_security_group.two_tier_app_sg",
            "aws_security_group.two_tier_lb_sg",
            "aws_vpc.two_tier_vpc"
          ]
        }
      ]
    },
    {
      "mode": "managed",
      "type": "aws_security_group",
      "name": "two_tier_app_sg",
      "provider": "provider[\"registry.terraform.io/hashicorp/aws\"]",
      "instances": [
        {
          "schema_version": 1,
          "attributes": {
            "arn": "arn:aws:ec2:ap-south-1:480323591277:security-group/sg-0845d3e6d4f301c1d",
            "description": "Security group for application servers on the web/application tier",
            "egress": [
              {
                "cidr_blocks": [
                  "0.0.0.0/0"
                ],
                "description": "Allow Outbound connectivity",
                "from_port": 0,
                "ipv6_cidr_blocks": [],
                "prefix_list_ids": [],
                "protocol": "-1",
                "security_groups": [],
                "self": false,
                "to_port": 0
              }
            ],
            "id": "sg-0845d3e6d4f301c1d",
            "ingress": [
              {
                "cidr_blocks": [],
                "description": "Allow connectivity from LB",
                "from_port": 80,
                "ipv6_cidr_blocks": [],
                "prefix_list_ids": [],
                "protocol": "tcp",
                "security_groups": [
                  "sg-0c4090556d540b167"
                ],
                "self": false,
                "to_port": 80
              },
              {
                "cidr_blocks": [],
                "description": "SSH into the instance from bastion host",
                "from_port": 22,
                "ipv6_cidr_blocks": [],
                "prefix_list_ids": [],
                "protocol": "tcp",
                "security_groups": [
                  "sg-05c19e222b130487a"
                ],
                "self": false,
                "to_port": 22
              }
            ],
            "name": "two-tier_app-sg",
            "name_prefix": "",
            "owner_id": "480323591277",
            "revoke_rules_on_delete": false,
            "tags": {
              "Name": "two-tier_app-sg"
            },
            "tags_all": {
              "Name": "two-tier_app-sg"
            },
            "timeouts": null,
            "vpc_id": "vpc-08f047f8ff328e386"
          },
          "sensitive_attributes": [],
          "private": "eyJlMmJmYjczMC1lY2FhLTExZTYtOGY4OC0zNDM2M2JjN2M0YzAiOnsiY3JlYXRlIjo2MDAwMDAwMDAwMDAsImRlbGV0ZSI6OTAwMDAwMDAwMDAwfSwic2NoZW1hX3ZlcnNpb24iOiIxIn0=",
          "dependencies": [
            "aws_security_group.bastion_host_sg",
            "aws_security_group.two_tier_lb_sg",
            "aws_vpc.two_tier_vpc"
          ]
        }
      ]
    },
    {
      "mode": "managed",
      "type": "aws_security_group",
      "name": "two_tier_lb_sg",
      "provider": "provider[\"registry.terraform.io/hashicorp/aws\"]",
      "instances": [
        {
          "schema_version": 1,
          "attributes": {
            "arn": "arn:aws:ec2:ap-south-1:480323591277:security-group/sg-0c4090556d540b167",
            "description": "Security group for load balancer on the web/application tier",
            "egress": [
              {
                "cidr_blocks": [
                  "0.0.0.0/0"
                ],
                "description": "Allow all Outbound connectivity",
                "from_port": 0,
                "ipv6_cidr_blocks": [],
                "prefix_list_ids": [],
                "protocol": "-1",
                "security_groups": [],
                "self": false,
                "to_port": 0
              }
            ],
            "id": "sg-0c4090556d540b167",
            "ingress": [
              {
                "cidr_blocks": [
                  "0.0.0.0/0"
                ],
                "description": "Access to webpage",
                "from_port": 80,
                "ipv6_cidr_blocks": [],
                "prefix_list_ids": [],
                "protocol": "tcp",
                "security_groups": [],
                "self": false,
                "to_port": 80
              }
            ],
            "name": "two-tier_LB-sg",
            "name_prefix": "",
            "owner_id": "480323591277",
            "revoke_rules_on_delete": false,
            "tags": {
              "Name": "two-tier_LB-sg"
            },
            "tags_all": {
              "Name": "two-tier_LB-sg"
            },
            "timeouts": null,
            "vpc_id": "vpc-08f047f8ff328e386"
          },
          "sensitive_attributes": [],
          "private": "eyJlMmJmYjczMC1lY2FhLTExZTYtOGY4OC0zNDM2M2JjN2M0YzAiOnsiY3JlYXRlIjo2MDAwMDAwMDAwMDAsImRlbGV0ZSI6OTAwMDAwMDAwMDAwfSwic2NoZW1hX3ZlcnNpb24iOiIxIn0=",
          "dependencies": [
            "aws_vpc.two_tier_vpc"
          ]
        }
      ]
    },
    {
      "mode": "managed",
      "type": "aws_vpc",
      "name": "two_tier_vpc",
      "provider": "provider[\"registry.terraform.io/hashicorp/aws\"]",
      "instances": [
        {
          "schema_version": 1,
          "attributes": {
            "arn": "arn:aws:ec2:ap-south-1:480323591277:vpc/vpc-08f047f8ff328e386",
            "assign_generated_ipv6_cidr_block": false,
            "cidr_block": "10.0.0.0/16",
            "default_network_acl_id": "acl-0a74daf43ce3b6954",
            "default_route_table_id": "rtb-0bc9cd14fb36626b9",
            "default_security_group_id": "sg-0c52e33fb15ca6970",
            "dhcp_options_id": "dopt-0d5ebb25bffd8c949",
            "enable_dns_hostnames": true,
            "enable_dns_support": true,
            "enable_network_address_usage_metrics": false,
            "id": "vpc-08f047f8ff328e386",
            "instance_tenancy": "default",
            "ipv4_ipam_pool_id": null,
            "ipv4_netmask_length": null,
            "ipv6_association_id": "",
            "ipv6_cidr_block": "",
            "ipv6_cidr_block_network_border_group": "",
            "ipv6_ipam_pool_id": "",
            "ipv6_netmask_length": 0,
            "main_route_table_id": "rtb-0bc9cd14fb36626b9",
            "owner_id": "480323591277",
            "tags": {
              "Name": "2-Tier-Achitecture-VPC"
            },
            "tags_all": {
              "Name": "2-Tier-Achitecture-VPC"
            }
          },
          "sensitive_attributes": [],
          "private": "eyJzY2hlbWFfdmVyc2lvbiI6IjEifQ=="
        }
      ]
    },
    {
      "mode": "managed",
      "type": "local_file",
      "name": "key_pair_file",
      "provider": "provider[\"registry.terraform.io/hashicorp/local\"]",
      "instances": [
        {
          "schema_version": 0,
          "attributes": {
            "content": "-----BEGIN RSA PRIVATE KEY-----\nMIIJKAIBAAKCAgEAtcTqBBrrq9Eb0m/ph7b0LXmnOOMMzBJZnWTI88Eztqdl1HCu\n1hbPNEXQZEIEvzTHrTni5ikYLUwu9sY3rLo9nmcAm6rW5scA0pXnEJVV+tq39xJN\npiIpm9ZvAQL9q/ZxHcppaHd49XVD+TrqP9jgyzUfCuvv+QwE8jZzmKNhS0J5E4wh\n8wLNJ24ti3HtsifVqHa+XEe65pDckqe7h0n5TZy50rEQ1SGe+3p0+j5YdbjmZzcg\njXQdxHm/jNWV+N7pGQ8brlRd9z7+H4PfIGaZNlLW5RX4tpqOYkRKohYbzudJ7RX3\n+C2It2IFqq+7IyERi6i8ENSpeKmXxFgleMP1k1nu7LUJjv5Sk1yJilqdiQOe3wRN\n9ut8OBcCWksNtiobgqfKIqVfefr+0qFkYPthKCVx08QceX2Nof+VQQO2pU/8QmZM\naL8TXHmtAEwmXlc7HB7OnyFurpVBGHClLTPf9h3kmcLZk/eZWrhWYMVTuIx9TLlY\nRN7KGQsvRbnMi5OEERowQoDQ7eZ+Jzf4fFWV3tQVaTg75wZvFMX88+ilHC20dyNF\nlRrwD9O6JQBL+ZeUK7ZSBGCCNYNJLeLKZtB/LIAlauLqqESI7Uri8EoR+UTmQwfi\nMHEPB+HhfIKUM+828eqd2mhVmmXk5ZYqmGAmazGogtWgv5mRbylMT+L//LcCAwEA\nAQKCAgAt/w5Yy5cne1rW/YrS1PElMMuoEYyDd4FF2uMfC5zSc7nI8FrNwifcym3Z\ncPtSh0CgDS3loDCGBek8eRxNkTNWiioVOj33WBRVNamrAJ8pQ3+Z/f+4Mpzk2nZs\ngx0+DrbBGx9hWBo7wtjYkJgGYBNCWMbqNJodI3V89Vp7HZzZNpD86VEN9X+EotTT\nnJjRpFLktmelYmFhRvcKBXfm3ElB4o8DSdtAk6lvaaWATZaE860aIVETenat6UEX\nmlTBDWde9/vBOYgtsLsNrokf4daTcJMAlXbCfonZQ/6+1WlkChMi85Q0MRGPljZo\n4t8wHIYcGS6985KO/htxi/yveqcBnPRHpgGPnnuD3jcN0+bZ3R4icTR+e8bL6VCS\nyoWxZZER+hO1V3LvrUdKYCmjuRHYaYlxUTtCAfM/FkbunqyK404et3Hs1e8Ehs+y\nQawsA44sLfmgrnXp+gDGc3TGXzlBZ5DjgiX8GlyHpVS+EuB3O7LMBvHXpXnZFhDi\nMTlcf8YRlnFOBP3dAfmOLFXxy6DJxaPmmaR/psUX9loOpUXXJJj8Iim17lgVdmtz\nwDCGlofSyodI3gesgwWsZjHHehmjWZYMx+Nsn6h2gdOhqGOtBlO1DXxoWCHqgRns\nZtE7zfIcjJVxcdQIhLTdrl/La6gqbYrJ7GqO5B0BaFm/rRPywQKCAQEAxKo/Aocd\nu3vhZ4Br4qVqiSEH7v6joIL/UaqFoL4FYjghcYIMoF4WpgBIaxpl8h6+mqYrzMf7\ngItCXtjM155KvmiRogIAXFv7tOPwXycgCXVM9gxe56YIf8ogtzRQ6ahdXyPMsm3z\n0fT1rX9DEjiUbnMJmDFZzn4KXXSCTJuMY5g+PN+Ab5gRkcfOT120WpZbBrvHAE4s\n5iiPBSbgEv5w1oa/wWy+Lj1rSyMg4BaoJeq2QTi4FIzIX4Ox8hQHWIFmT2VW4zX5\n/q4P9j58Kxs0Oyc0ComblQ8+edBGbjY5FuNs6einr03hCiu2RA+sFRLyHWcVD95L\nMms+CafNOzPpswKCAQEA7Jwp5T8NWt8ObSYTzXow8OvBW9csBJ/xBR6XHkNnf9qe\nam5grwzi5X8Z16G5S9wDm88R4aXyfCAehhejoV09DmmMX8IBhL2jXVtiZcwHmc9y\nGvYjc1pc+kD+kxu+9eCl8jbP+ygaJv2mGBwYhNGhZeGjLgczz6/8J/Tso/ebonuM\nR9hIs07PvLcWAhqf8dHc3VEMFuiFOIe/ACgfdAXQWcUbXNEuet5M4IChZima78W3\n3C7bV66gOVlQSae2mDSk69Hi4XJrStbw7jvs1aaKGemcfl+H0pQvHiZ9kf7Zo2FP\n686LZtK1pGCalfEIBpsY6fDL4tWrIXBy/GYF0pfW7QKCAQBFQ9jRYRk9sRHgTECz\nIKN3DKUorZKfs8OM1cweow5uW2qb+bvMt5aufKcE4dVKAz4KZcBDbaPM0D9d/GmY\n/20/xsCUGLRb0yHBwg4k1TjZW/DxL8Y1PCr+JwiCvfBJezz3hzpPFZ6sMeRdaNcM\nkdTlWarlaWxB5+5qn+BMbvRxF2vEMMuhgiOd/otRNKWSyiXhJz2dg+sYXOySWfDN\nf8PqKqdazpvk2Ujyu7qWciRixlnOetWKl1LzIQUJR7iWmWyZRg3mFFqqMk/44GUH\nIZuxwcr4cyLSyv2sFYjYxEwzHYJ8l66HdZxu4ppdOk/XVEblyCqI3jgJ1++PowQL\nd+s1AoIBAQDSaACdmtdecrLafxznAX0aERwudobvSefD3LMXt2sHeDqdfLA/ml7/\nJGqvpWIowmr3GEnXdoHOvaVHKyhYq5hLA7NPyC8fgqAOueAjlC9CKQZYUX+u6bF6\n3WdFHExRTEdlwDZtKvkuqSsVj46CNgSnm+JHYSJC00WRpqz1FpBxChryHLRxt2jm\ncY2Bq3mGSlB1AsiUaotlfNlt40AtJapk2fH+NQp3Os30ao6cUe00wYdBpu1o6KIU\nvYa3KQwoB9CM4GU4hE5DDCbOQ73VNDbk2ihO/NbEfP/1eNb7iDyznCq9EDxI4KGk\nnj95jRDNBwk9p+M3QTjgEKZAKt2Mq3f1AoIBAE1vRYNNYEyEQ5DYx/IoOPVMEDl4\nj8FxDi+T9E9NerkDReNHK8TwNlHBspGjGNLsdzFWD84XX+Vd32v0cVXIjx+2QmUe\nbnCa+m2iyqS5+0MQ6SyX2KMre77MBe4pzodGZCIFnT2JbRAeaYjjn0yocJ2w4mDX\nGe5q7kbQdS2IcDlwusO4CONx3xCmnr5PyqytS341jTZC+GD9lJ58YaUbPPiMSzM8\nCVih7a7dCbzMfuFD1zsCPkU1KqioUZHF/9v78rowae3tba10ZhEbjuCt0tHESCex\nZFSMZje8Et3mlT1wRGfs/P9CT1VRc6LbECfeXh2N1u7ECma50HFpq+mM9Gs=\n-----END RSA PRIVATE KEY-----\n",
            "content_base64": null,
            "content_base64sha256": "6DxuSIvB5jQqzZ9eAt2Gt0lg0pSKtRgBH5Pn1AbFR90=",
            "content_base64sha512": "qKRa6awCknl1CfXjFsE37cN3myM/i1iz8e9EVmVgUez6sg8KqbN/y4gJg0VyP4TnmHZ4OHwh1dcKl28wfmeCrg==",
            "content_md5": "4763a8fb7f86a97f19c5eeefbe082a70",
            "content_sha1": "2b354bca06b3f56a87149248ed0ab3c07236bfea",
            "content_sha256": "e83c6e488bc1e6342acd9f5e02dd86b74960d2948ab518011f93e7d406c547dd",
            "content_sha512": "a8a45ae9ac0292797509f5e316c137edc3779b233f8b58b3f1ef4456656051ecfab20f0aa9b37fcb88098345723f84e7987678387c21d5d70a976f307e6782ae",
            "directory_permission": "0777",
            "file_permission": "0777",
            "filename": "Two-Tier_Key-Pair",
            "id": "2b354bca06b3f56a87149248ed0ab3c07236bfea",
            "sensitive_content": null,
            "source": null
          },
          "sensitive_attributes": [
            [
              {
                "type": "get_attr",
                "value": "content"
              }
            ],
            [
              {
                "type": "get_attr",
                "value": "sensitive_content"
              }
            ]
          ],
          "dependencies": [
            "tls_private_key.two_tier_key_info"
          ]
        }
      ]
    },
    {
      "mode": "managed",
      "type": "tls_private_key",
      "name": "two_tier_key_info",
      "provider": "provider[\"registry.terraform.io/hashicorp/tls\"]",
      "instances": [
        {
          "schema_version": 1,
          "attributes": {
            "algorithm": "RSA",
            "ecdsa_curve": "P224",
            "id": "fe4d142ce8bbdf70a76e4192e9fb7a655641d446",
            "private_key_openssh": "-----BEGIN OPENSSH PRIVATE KEY-----\nb3BlbnNzaC1rZXktdjEAAAAABG5vbmUAAAAEbm9uZQAAAAAAAAABAAACFwAAAAdz\nc2gtcnNhAAAAAwEAAQAAAgEAtcTqBBrrq9Eb0m/ph7b0LXmnOOMMzBJZnWTI88Ez\ntqdl1HCu1hbPNEXQZEIEvzTHrTni5ikYLUwu9sY3rLo9nmcAm6rW5scA0pXnEJVV\n+tq39xJNpiIpm9ZvAQL9q/ZxHcppaHd49XVD+TrqP9jgyzUfCuvv+QwE8jZzmKNh\nS0J5E4wh8wLNJ24ti3HtsifVqHa+XEe65pDckqe7h0n5TZy50rEQ1SGe+3p0+j5Y\ndbjmZzcgjXQdxHm/jNWV+N7pGQ8brlRd9z7+H4PfIGaZNlLW5RX4tpqOYkRKohYb\nzudJ7RX3+C2It2IFqq+7IyERi6i8ENSpeKmXxFgleMP1k1nu7LUJjv5Sk1yJilqd\niQOe3wRN9ut8OBcCWksNtiobgqfKIqVfefr+0qFkYPthKCVx08QceX2Nof+VQQO2\npU/8QmZMaL8TXHmtAEwmXlc7HB7OnyFurpVBGHClLTPf9h3kmcLZk/eZWrhWYMVT\nuIx9TLlYRN7KGQsvRbnMi5OEERowQoDQ7eZ+Jzf4fFWV3tQVaTg75wZvFMX88+il\nHC20dyNFlRrwD9O6JQBL+ZeUK7ZSBGCCNYNJLeLKZtB/LIAlauLqqESI7Uri8EoR\n+UTmQwfiMHEPB+HhfIKUM+828eqd2mhVmmXk5ZYqmGAmazGogtWgv5mRbylMT+L/\n/LcAAAc4EdvMuxHbzLsAAAAHc3NoLXJzYQAAAgEAtcTqBBrrq9Eb0m/ph7b0LXmn\nOOMMzBJZnWTI88Eztqdl1HCu1hbPNEXQZEIEvzTHrTni5ikYLUwu9sY3rLo9nmcA\nm6rW5scA0pXnEJVV+tq39xJNpiIpm9ZvAQL9q/ZxHcppaHd49XVD+TrqP9jgyzUf\nCuvv+QwE8jZzmKNhS0J5E4wh8wLNJ24ti3HtsifVqHa+XEe65pDckqe7h0n5TZy5\n0rEQ1SGe+3p0+j5YdbjmZzcgjXQdxHm/jNWV+N7pGQ8brlRd9z7+H4PfIGaZNlLW\n5RX4tpqOYkRKohYbzudJ7RX3+C2It2IFqq+7IyERi6i8ENSpeKmXxFgleMP1k1nu\n7LUJjv5Sk1yJilqdiQOe3wRN9ut8OBcCWksNtiobgqfKIqVfefr+0qFkYPthKCVx\n08QceX2Nof+VQQO2pU/8QmZMaL8TXHmtAEwmXlc7HB7OnyFurpVBGHClLTPf9h3k\nmcLZk/eZWrhWYMVTuIx9TLlYRN7KGQsvRbnMi5OEERowQoDQ7eZ+Jzf4fFWV3tQV\naTg75wZvFMX88+ilHC20dyNFlRrwD9O6JQBL+ZeUK7ZSBGCCNYNJLeLKZtB/LIAl\nauLqqESI7Uri8EoR+UTmQwfiMHEPB+HhfIKUM+828eqd2mhVmmXk5ZYqmGAmazGo\ngtWgv5mRbylMT+L//LcAAAADAQABAAACAC3/DljLlyd7Wtb9itLU8SUwy6gRjIN3\ngUXa4x8LnNJzucjwWs3CJ9zKbdlw+1KHQKANLeWgMIYF6Tx5HE2RM1aKKhU6PfdY\nFFU1qasAnylDf5n9/7gynOTadmyDHT4OtsEbH2FYGjvC2NiQmAZgE0JYxuo0mh0j\ndXz1WnsdnNk2kPzpUQ31f4Si1NOcmNGkUuS2Z6ViYWFG9woFd+bcSUHijwNJ20CT\nqW9ppYBNloTzrRohURN6dq3pQReaVMENZ173+8E5iC2wuw2uiR/h1pNwkwCVdsJ+\nidlD/r7VaWQKEyLzlDQxEY+WNmji3zAchhwZLr3zko7+G3GL/K96pwGc9EemAY+e\ne4PeNw3T5tndHiJxNH57xsvpUJLKhbFlkRH6E7VXcu+tR0pgKaO5EdhpiXFRO0IB\n8z8WRu6erIrjTh63cezV7wSGz7JBrCwDjiwt+aCuden6AMZzdMZfOUFnkOOCJfwa\nXIelVL4S4Hc7sswG8deledkWEOIxOVx/xhGWcU4E/d0B+Y4sVfHLoMnFo+aZpH+m\nxRf2Wg6lRdckmPwiKbXuWBV2a3PAMIaWh9LKh0jeB6yDBaxmMcd6GaNZlgzH42yf\nqHaB06GoY60GU7UNfGhYIeqBGexm0TvN8hyMlXFx1AiEtN2uX8trqCptisnsao7k\nHQFoWb+tE/LBAAABAE1vRYNNYEyEQ5DYx/IoOPVMEDl4j8FxDi+T9E9NerkDReNH\nK8TwNlHBspGjGNLsdzFWD84XX+Vd32v0cVXIjx+2QmUebnCa+m2iyqS5+0MQ6SyX\n2KMre77MBe4pzodGZCIFnT2JbRAeaYjjn0yocJ2w4mDXGe5q7kbQdS2IcDlwusO4\nCONx3xCmnr5PyqytS341jTZC+GD9lJ58YaUbPPiMSzM8CVih7a7dCbzMfuFD1zsC\nPkU1KqioUZHF/9v78rowae3tba10ZhEbjuCt0tHESCexZFSMZje8Et3mlT1wRGfs\n/P9CT1VRc6LbECfeXh2N1u7ECma50HFpq+mM9GsAAAEBAMSqPwKHHbt74WeAa+Kl\naokhB+7+o6CC/1GqhaC+BWI4IXGCDKBeFqYASGsaZfIevpqmK8zH+4CLQl7YzNee\nSr5okaICAFxb+7Tj8F8nIAl1TPYMXuemCH/KILc0UOmoXV8jzLJt89H09a1/QxI4\nlG5zCZgxWc5+Cl10gkybjGOYPjzfgG+YEZHHzk9dtFqWWwa7xwBOLOYojwUm4BL+\ncNaGv8Fsvi49a0sjIOAWqCXqtkE4uBSMyF+DsfIUB1iBZk9lVuM1+f6uD/Y+fCsb\nNDsnNAqJm5UPPnnQRm42ORbjbOnop69N4QortkQPrBUS8h1nFQ/eSzJrPgmnzTsz\n6bMAAAEBAOycKeU/DVrfDm0mE816MPDrwVvXLASf8QUelx5DZ3/anmpuYK8M4uV/\nGdehuUvcA5vPEeGl8nwgHoYXo6FdPQ5pjF/CAYS9o11bYmXMB5nPchr2I3NaXPpA\n/pMbvvXgpfI2z/soGib9phgcGITRoWXhoy4HM8+v/Cf07KP3m6J7jEfYSLNOz7y3\nFgIan/HR3N1RDBbohTiHvwAoH3QF0FnFG1zRLnreTOCAoWYpmu/Ft9wu21euoDlZ\nUEmntpg0pOvR4uFya0rW8O477NWmihnpnH5fh9KULx4mfZH+2aNhT+vOi2bStaRg\nmpXxCAabGOnwy+LVqyFwcvxmBdKX1u0AAAAAAQID\n-----END OPENSSH PRIVATE KEY-----\n",
            "private_key_pem": "-----BEGIN RSA PRIVATE KEY-----\nMIIJKAIBAAKCAgEAtcTqBBrrq9Eb0m/ph7b0LXmnOOMMzBJZnWTI88Eztqdl1HCu\n1hbPNEXQZEIEvzTHrTni5ikYLUwu9sY3rLo9nmcAm6rW5scA0pXnEJVV+tq39xJN\npiIpm9ZvAQL9q/ZxHcppaHd49XVD+TrqP9jgyzUfCuvv+QwE8jZzmKNhS0J5E4wh\n8wLNJ24ti3HtsifVqHa+XEe65pDckqe7h0n5TZy50rEQ1SGe+3p0+j5YdbjmZzcg\njXQdxHm/jNWV+N7pGQ8brlRd9z7+H4PfIGaZNlLW5RX4tpqOYkRKohYbzudJ7RX3\n+C2It2IFqq+7IyERi6i8ENSpeKmXxFgleMP1k1nu7LUJjv5Sk1yJilqdiQOe3wRN\n9ut8OBcCWksNtiobgqfKIqVfefr+0qFkYPthKCVx08QceX2Nof+VQQO2pU/8QmZM\naL8TXHmtAEwmXlc7HB7OnyFurpVBGHClLTPf9h3kmcLZk/eZWrhWYMVTuIx9TLlY\nRN7KGQsvRbnMi5OEERowQoDQ7eZ+Jzf4fFWV3tQVaTg75wZvFMX88+ilHC20dyNF\nlRrwD9O6JQBL+ZeUK7ZSBGCCNYNJLeLKZtB/LIAlauLqqESI7Uri8EoR+UTmQwfi\nMHEPB+HhfIKUM+828eqd2mhVmmXk5ZYqmGAmazGogtWgv5mRbylMT+L//LcCAwEA\nAQKCAgAt/w5Yy5cne1rW/YrS1PElMMuoEYyDd4FF2uMfC5zSc7nI8FrNwifcym3Z\ncPtSh0CgDS3loDCGBek8eRxNkTNWiioVOj33WBRVNamrAJ8pQ3+Z/f+4Mpzk2nZs\ngx0+DrbBGx9hWBo7wtjYkJgGYBNCWMbqNJodI3V89Vp7HZzZNpD86VEN9X+EotTT\nnJjRpFLktmelYmFhRvcKBXfm3ElB4o8DSdtAk6lvaaWATZaE860aIVETenat6UEX\nmlTBDWde9/vBOYgtsLsNrokf4daTcJMAlXbCfonZQ/6+1WlkChMi85Q0MRGPljZo\n4t8wHIYcGS6985KO/htxi/yveqcBnPRHpgGPnnuD3jcN0+bZ3R4icTR+e8bL6VCS\nyoWxZZER+hO1V3LvrUdKYCmjuRHYaYlxUTtCAfM/FkbunqyK404et3Hs1e8Ehs+y\nQawsA44sLfmgrnXp+gDGc3TGXzlBZ5DjgiX8GlyHpVS+EuB3O7LMBvHXpXnZFhDi\nMTlcf8YRlnFOBP3dAfmOLFXxy6DJxaPmmaR/psUX9loOpUXXJJj8Iim17lgVdmtz\nwDCGlofSyodI3gesgwWsZjHHehmjWZYMx+Nsn6h2gdOhqGOtBlO1DXxoWCHqgRns\nZtE7zfIcjJVxcdQIhLTdrl/La6gqbYrJ7GqO5B0BaFm/rRPywQKCAQEAxKo/Aocd\nu3vhZ4Br4qVqiSEH7v6joIL/UaqFoL4FYjghcYIMoF4WpgBIaxpl8h6+mqYrzMf7\ngItCXtjM155KvmiRogIAXFv7tOPwXycgCXVM9gxe56YIf8ogtzRQ6ahdXyPMsm3z\n0fT1rX9DEjiUbnMJmDFZzn4KXXSCTJuMY5g+PN+Ab5gRkcfOT120WpZbBrvHAE4s\n5iiPBSbgEv5w1oa/wWy+Lj1rSyMg4BaoJeq2QTi4FIzIX4Ox8hQHWIFmT2VW4zX5\n/q4P9j58Kxs0Oyc0ComblQ8+edBGbjY5FuNs6einr03hCiu2RA+sFRLyHWcVD95L\nMms+CafNOzPpswKCAQEA7Jwp5T8NWt8ObSYTzXow8OvBW9csBJ/xBR6XHkNnf9qe\nam5grwzi5X8Z16G5S9wDm88R4aXyfCAehhejoV09DmmMX8IBhL2jXVtiZcwHmc9y\nGvYjc1pc+kD+kxu+9eCl8jbP+ygaJv2mGBwYhNGhZeGjLgczz6/8J/Tso/ebonuM\nR9hIs07PvLcWAhqf8dHc3VEMFuiFOIe/ACgfdAXQWcUbXNEuet5M4IChZima78W3\n3C7bV66gOVlQSae2mDSk69Hi4XJrStbw7jvs1aaKGemcfl+H0pQvHiZ9kf7Zo2FP\n686LZtK1pGCalfEIBpsY6fDL4tWrIXBy/GYF0pfW7QKCAQBFQ9jRYRk9sRHgTECz\nIKN3DKUorZKfs8OM1cweow5uW2qb+bvMt5aufKcE4dVKAz4KZcBDbaPM0D9d/GmY\n/20/xsCUGLRb0yHBwg4k1TjZW/DxL8Y1PCr+JwiCvfBJezz3hzpPFZ6sMeRdaNcM\nkdTlWarlaWxB5+5qn+BMbvRxF2vEMMuhgiOd/otRNKWSyiXhJz2dg+sYXOySWfDN\nf8PqKqdazpvk2Ujyu7qWciRixlnOetWKl1LzIQUJR7iWmWyZRg3mFFqqMk/44GUH\nIZuxwcr4cyLSyv2sFYjYxEwzHYJ8l66HdZxu4ppdOk/XVEblyCqI3jgJ1++PowQL\nd+s1AoIBAQDSaACdmtdecrLafxznAX0aERwudobvSefD3LMXt2sHeDqdfLA/ml7/\nJGqvpWIowmr3GEnXdoHOvaVHKyhYq5hLA7NPyC8fgqAOueAjlC9CKQZYUX+u6bF6\n3WdFHExRTEdlwDZtKvkuqSsVj46CNgSnm+JHYSJC00WRpqz1FpBxChryHLRxt2jm\ncY2Bq3mGSlB1AsiUaotlfNlt40AtJapk2fH+NQp3Os30ao6cUe00wYdBpu1o6KIU\nvYa3KQwoB9CM4GU4hE5DDCbOQ73VNDbk2ihO/NbEfP/1eNb7iDyznCq9EDxI4KGk\nnj95jRDNBwk9p+M3QTjgEKZAKt2Mq3f1AoIBAE1vRYNNYEyEQ5DYx/IoOPVMEDl4\nj8FxDi+T9E9NerkDReNHK8TwNlHBspGjGNLsdzFWD84XX+Vd32v0cVXIjx+2QmUe\nbnCa+m2iyqS5+0MQ6SyX2KMre77MBe4pzodGZCIFnT2JbRAeaYjjn0yocJ2w4mDX\nGe5q7kbQdS2IcDlwusO4CONx3xCmnr5PyqytS341jTZC+GD9lJ58YaUbPPiMSzM8\nCVih7a7dCbzMfuFD1zsCPkU1KqioUZHF/9v78rowae3tba10ZhEbjuCt0tHESCex\nZFSMZje8Et3mlT1wRGfs/P9CT1VRc6LbECfeXh2N1u7ECma50HFpq+mM9Gs=\n-----END RSA PRIVATE KEY-----\n",
            "private_key_pem_pkcs8": "-----BEGIN PRIVATE KEY-----\nMIIJQgIBADANBgkqhkiG9w0BAQEFAASCCSwwggkoAgEAAoICAQC1xOoEGuur0RvS\nb+mHtvQteac44wzMElmdZMjzwTO2p2XUcK7WFs80RdBkQgS/NMetOeLmKRgtTC72\nxjesuj2eZwCbqtbmxwDSlecQlVX62rf3Ek2mIimb1m8BAv2r9nEdymlod3j1dUP5\nOuo/2ODLNR8K6+/5DATyNnOYo2FLQnkTjCHzAs0nbi2Lce2yJ9Wodr5cR7rmkNyS\np7uHSflNnLnSsRDVIZ77enT6Plh1uOZnNyCNdB3Eeb+M1ZX43ukZDxuuVF33Pv4f\ng98gZpk2UtblFfi2mo5iREqiFhvO50ntFff4LYi3YgWqr7sjIRGLqLwQ1Kl4qZfE\nWCV4w/WTWe7stQmO/lKTXImKWp2JA57fBE3263w4FwJaSw22KhuCp8oipV95+v7S\noWRg+2EoJXHTxBx5fY2h/5VBA7alT/xCZkxovxNcea0ATCZeVzscHs6fIW6ulUEY\ncKUtM9/2HeSZwtmT95lauFZgxVO4jH1MuVhE3soZCy9FucyLk4QRGjBCgNDt5n4n\nN/h8VZXe1BVpODvnBm8Uxfzz6KUcLbR3I0WVGvAP07olAEv5l5QrtlIEYII1g0kt\n4spm0H8sgCVq4uqoRIjtSuLwShH5ROZDB+IwcQ8H4eF8gpQz7zbx6p3aaFWaZeTl\nliqYYCZrMaiC1aC/mZFvKUxP4v/8twIDAQABAoICAC3/DljLlyd7Wtb9itLU8SUw\ny6gRjIN3gUXa4x8LnNJzucjwWs3CJ9zKbdlw+1KHQKANLeWgMIYF6Tx5HE2RM1aK\nKhU6PfdYFFU1qasAnylDf5n9/7gynOTadmyDHT4OtsEbH2FYGjvC2NiQmAZgE0JY\nxuo0mh0jdXz1WnsdnNk2kPzpUQ31f4Si1NOcmNGkUuS2Z6ViYWFG9woFd+bcSUHi\njwNJ20CTqW9ppYBNloTzrRohURN6dq3pQReaVMENZ173+8E5iC2wuw2uiR/h1pNw\nkwCVdsJ+idlD/r7VaWQKEyLzlDQxEY+WNmji3zAchhwZLr3zko7+G3GL/K96pwGc\n9EemAY+ee4PeNw3T5tndHiJxNH57xsvpUJLKhbFlkRH6E7VXcu+tR0pgKaO5Edhp\niXFRO0IB8z8WRu6erIrjTh63cezV7wSGz7JBrCwDjiwt+aCuden6AMZzdMZfOUFn\nkOOCJfwaXIelVL4S4Hc7sswG8deledkWEOIxOVx/xhGWcU4E/d0B+Y4sVfHLoMnF\no+aZpH+mxRf2Wg6lRdckmPwiKbXuWBV2a3PAMIaWh9LKh0jeB6yDBaxmMcd6GaNZ\nlgzH42yfqHaB06GoY60GU7UNfGhYIeqBGexm0TvN8hyMlXFx1AiEtN2uX8trqCpt\nisnsao7kHQFoWb+tE/LBAoIBAQDEqj8Chx27e+FngGvipWqJIQfu/qOggv9RqoWg\nvgViOCFxggygXhamAEhrGmXyHr6apivMx/uAi0Je2MzXnkq+aJGiAgBcW/u04/Bf\nJyAJdUz2DF7npgh/yiC3NFDpqF1fI8yybfPR9PWtf0MSOJRucwmYMVnOfgpddIJM\nm4xjmD4834BvmBGRx85PXbRallsGu8cATizmKI8FJuAS/nDWhr/BbL4uPWtLIyDg\nFqgl6rZBOLgUjMhfg7HyFAdYgWZPZVbjNfn+rg/2PnwrGzQ7JzQKiZuVDz550EZu\nNjkW42zp6KevTeEKK7ZED6wVEvIdZxUP3ksyaz4Jp807M+mzAoIBAQDsnCnlPw1a\n3w5tJhPNejDw68Fb1ywEn/EFHpceQ2d/2p5qbmCvDOLlfxnXoblL3AObzxHhpfJ8\nIB6GF6OhXT0OaYxfwgGEvaNdW2JlzAeZz3Ia9iNzWlz6QP6TG7714KXyNs/7KBom\n/aYYHBiE0aFl4aMuBzPPr/wn9Oyj95uie4xH2EizTs+8txYCGp/x0dzdUQwW6IU4\nh78AKB90BdBZxRtc0S563kzggKFmKZrvxbfcLttXrqA5WVBJp7aYNKTr0eLhcmtK\n1vDuO+zVpooZ6Zx+X4fSlC8eJn2R/tmjYU/rzotm0rWkYJqV8QgGmxjp8Mvi1ash\ncHL8ZgXSl9btAoIBAEVD2NFhGT2xEeBMQLMgo3cMpSitkp+zw4zVzB6jDm5bapv5\nu8y3lq58pwTh1UoDPgplwENto8zQP138aZj/bT/GwJQYtFvTIcHCDiTVONlb8PEv\nxjU8Kv4nCIK98El7PPeHOk8Vnqwx5F1o1wyR1OVZquVpbEHn7mqf4Exu9HEXa8Qw\ny6GCI53+i1E0pZLKJeEnPZ2D6xhc7JJZ8M1/w+oqp1rOm+TZSPK7upZyJGLGWc56\n1YqXUvMhBQlHuJaZbJlGDeYUWqoyT/jgZQchm7HByvhzItLK/awViNjETDMdgnyX\nrod1nG7iml06T9dURuXIKojeOAnX74+jBAt36zUCggEBANJoAJ2a115ystp/HOcB\nfRoRHC52hu9J58Pcsxe3awd4Op18sD+aXv8kaq+lYijCavcYSdd2gc69pUcrKFir\nmEsDs0/ILx+CoA654COUL0IpBlhRf67psXrdZ0UcTFFMR2XANm0q+S6pKxWPjoI2\nBKeb4kdhIkLTRZGmrPUWkHEKGvIctHG3aOZxjYGreYZKUHUCyJRqi2V82W3jQC0l\nqmTZ8f41Cnc6zfRqjpxR7TTBh0Gm7WjoohS9hrcpDCgH0IzgZTiETkMMJs5DvdU0\nNuTaKE781sR8//V41vuIPLOcKr0QPEjgoaSeP3mNEM0HCT2n4zdBOOAQpkAq3Yyr\nd/UCggEATW9Fg01gTIRDkNjH8ig49UwQOXiPwXEOL5P0T016uQNF40crxPA2UcGy\nkaMY0ux3MVYPzhdf5V3fa/RxVciPH7ZCZR5ucJr6baLKpLn7QxDpLJfYoyt7vswF\n7inOh0ZkIgWdPYltEB5piOOfTKhwnbDiYNcZ7mruRtB1LYhwOXC6w7gI43HfEKae\nvk/KrK1LfjWNNkL4YP2UnnxhpRs8+IxLMzwJWKHtrt0JvMx+4UPXOwI+RTUqqKhR\nkcX/2/vyujBp7e1trXRmERuO4K3S0cRIJ7FkVIxmN7wS3eaVPXBEZ+z8/0JPVVFz\notsQJ95eHY3W7sQKZrnQcWmr6Yz0aw==\n-----END PRIVATE KEY-----\n",
            "public_key_fingerprint_md5": "3d:c4:30:1e:b3:4b:7d:0c:2b:ff:6c:84:f1:65:e2:97",
            "public_key_fingerprint_sha256": "SHA256:RnIqDE0cjTxdsIL0uiFSDaDG/F6Ra1zcEDzP2RizLTA",
            "public_key_openssh": "ssh-rsa AAAAB3NzaC1yc2EAAAADAQABAAACAQC1xOoEGuur0RvSb+mHtvQteac44wzMElmdZMjzwTO2p2XUcK7WFs80RdBkQgS/NMetOeLmKRgtTC72xjesuj2eZwCbqtbmxwDSlecQlVX62rf3Ek2mIimb1m8BAv2r9nEdymlod3j1dUP5Ouo/2ODLNR8K6+/5DATyNnOYo2FLQnkTjCHzAs0nbi2Lce2yJ9Wodr5cR7rmkNySp7uHSflNnLnSsRDVIZ77enT6Plh1uOZnNyCNdB3Eeb+M1ZX43ukZDxuuVF33Pv4fg98gZpk2UtblFfi2mo5iREqiFhvO50ntFff4LYi3YgWqr7sjIRGLqLwQ1Kl4qZfEWCV4w/WTWe7stQmO/lKTXImKWp2JA57fBE3263w4FwJaSw22KhuCp8oipV95+v7SoWRg+2EoJXHTxBx5fY2h/5VBA7alT/xCZkxovxNcea0ATCZeVzscHs6fIW6ulUEYcKUtM9/2HeSZwtmT95lauFZgxVO4jH1MuVhE3soZCy9FucyLk4QRGjBCgNDt5n4nN/h8VZXe1BVpODvnBm8Uxfzz6KUcLbR3I0WVGvAP07olAEv5l5QrtlIEYII1g0kt4spm0H8sgCVq4uqoRIjtSuLwShH5ROZDB+IwcQ8H4eF8gpQz7zbx6p3aaFWaZeTlliqYYCZrMaiC1aC/mZFvKUxP4v/8tw==\n",
            "public_key_pem": "-----BEGIN PUBLIC KEY-----\nMIICIjANBgkqhkiG9w0BAQEFAAOCAg8AMIICCgKCAgEAtcTqBBrrq9Eb0m/ph7b0\nLXmnOOMMzBJZnWTI88Eztqdl1HCu1hbPNEXQZEIEvzTHrTni5ikYLUwu9sY3rLo9\nnmcAm6rW5scA0pXnEJVV+tq39xJNpiIpm9ZvAQL9q/ZxHcppaHd49XVD+TrqP9jg\nyzUfCuvv+QwE8jZzmKNhS0J5E4wh8wLNJ24ti3HtsifVqHa+XEe65pDckqe7h0n5\nTZy50rEQ1SGe+3p0+j5YdbjmZzcgjXQdxHm/jNWV+N7pGQ8brlRd9z7+H4PfIGaZ\nNlLW5RX4tpqOYkRKohYbzudJ7RX3+C2It2IFqq+7IyERi6i8ENSpeKmXxFgleMP1\nk1nu7LUJjv5Sk1yJilqdiQOe3wRN9ut8OBcCWksNtiobgqfKIqVfefr+0qFkYPth\nKCVx08QceX2Nof+VQQO2pU/8QmZMaL8TXHmtAEwmXlc7HB7OnyFurpVBGHClLTPf\n9h3kmcLZk/eZWrhWYMVTuIx9TLlYRN7KGQsvRbnMi5OEERowQoDQ7eZ+Jzf4fFWV\n3tQVaTg75wZvFMX88+ilHC20dyNFlRrwD9O6JQBL+ZeUK7ZSBGCCNYNJLeLKZtB/\nLIAlauLqqESI7Uri8EoR+UTmQwfiMHEPB+HhfIKUM+828eqd2mhVmmXk5ZYqmGAm\nazGogtWgv5mRbylMT+L//LcCAwEAAQ==\n-----END PUBLIC KEY-----\n",
            "rsa_bits": 4096
          },
          "sensitive_attributes": [
            [
              {
                "type": "get_attr",
                "value": "private_key_pem_pkcs8"
              }
            ],
            [
              {
                "type": "get_attr",
                "value": "private_key_pem"
              }
            ],
            [
              {
                "type": "get_attr",
                "value": "private_key_openssh"
              }
            ]
          ]
        }
      ]
    },
    {
      "module": "module.DB_subnet_1",
      "mode": "managed",
      "type": "aws_subnet",
      "name": "main",
      "provider": "provider[\"registry.terraform.io/hashicorp/aws\"]",
      "instances": [
        {
          "schema_version": 1,
          "attributes": {
            "arn": "arn:aws:ec2:ap-south-1:480323591277:subnet/subnet-03b42991782ae643e",
            "assign_ipv6_address_on_creation": false,
            "availability_zone": "ap-south-1a",
            "availability_zone_id": "aps1-az1",
            "cidr_block": "10.0.6.0/24",
            "customer_owned_ipv4_pool": "",
            "enable_dns64": false,
            "enable_lni_at_device_index": 0,
            "enable_resource_name_dns_a_record_on_launch": false,
            "enable_resource_name_dns_aaaa_record_on_launch": false,
            "id": "subnet-03b42991782ae643e",
            "ipv6_cidr_block": "",
            "ipv6_cidr_block_association_id": "",
            "ipv6_native": false,
            "map_customer_owned_ip_on_launch": false,
            "map_public_ip_on_launch": false,
            "outpost_arn": "",
            "owner_id": "480323591277",
            "private_dns_hostname_type_on_launch": "ip-name",
            "tags": {
              "Name": "2-Tier-DB-AZ1"
            },
            "tags_all": {
              "Name": "2-Tier-DB-AZ1"
            },
            "timeouts": null,
            "vpc_id": "vpc-08f047f8ff328e386"
          },
          "sensitive_attributes": [],
          "private": "eyJlMmJmYjczMC1lY2FhLTExZTYtOGY4OC0zNDM2M2JjN2M0YzAiOnsiY3JlYXRlIjo2MDAwMDAwMDAwMDAsImRlbGV0ZSI6MTIwMDAwMDAwMDAwMH0sInNjaGVtYV92ZXJzaW9uIjoiMSJ9",
          "dependencies": [
            "aws_vpc.two_tier_vpc"
          ]
        }
      ]
    },
    {
      "module": "module.DB_subnet_2",
      "mode": "managed",
      "type": "aws_subnet",
      "name": "main",
      "provider": "provider[\"registry.terraform.io/hashicorp/aws\"]",
      "instances": [
        {
          "schema_version": 1,
          "attributes": {
            "arn": "arn:aws:ec2:ap-south-1:480323591277:subnet/subnet-08cd71ba27c82afee",
            "assign_ipv6_address_on_creation": false,
            "availability_zone": "ap-south-1b",
            "availability_zone_id": "aps1-az3",
            "cidr_block": "10.0.7.0/24",
            "customer_owned_ipv4_pool": "",
            "enable_dns64": false,
            "enable_lni_at_device_index": 0,
            "enable_resource_name_dns_a_record_on_launch": false,
            "enable_resource_name_dns_aaaa_record_on_launch": false,
            "id": "subnet-08cd71ba27c82afee",
            "ipv6_cidr_block": "",
            "ipv6_cidr_block_association_id": "",
            "ipv6_native": false,
            "map_customer_owned_ip_on_launch": false,
            "map_public_ip_on_launch": false,
            "outpost_arn": "",
            "owner_id": "480323591277",
            "private_dns_hostname_type_on_launch": "ip-name",
            "tags": {
              "Name": "2-Tier-DB-AZ2"
            },
            "tags_all": {
              "Name": "2-Tier-DB-AZ2"
            },
            "timeouts": null,
            "vpc_id": "vpc-08f047f8ff328e386"
          },
          "sensitive_attributes": [],
          "private": "eyJlMmJmYjczMC1lY2FhLTExZTYtOGY4OC0zNDM2M2JjN2M0YzAiOnsiY3JlYXRlIjo2MDAwMDAwMDAwMDAsImRlbGV0ZSI6MTIwMDAwMDAwMDAwMH0sInNjaGVtYV92ZXJzaW9uIjoiMSJ9",
          "dependencies": [
            "aws_vpc.two_tier_vpc"
          ]
        }
      ]
    },
    {
      "module": "module.DB_subnet_3",
      "mode": "managed",
      "type": "aws_subnet",
      "name": "main",
      "provider": "provider[\"registry.terraform.io/hashicorp/aws\"]",
      "instances": [
        {
          "schema_version": 1,
          "attributes": {
            "arn": "arn:aws:ec2:ap-south-1:480323591277:subnet/subnet-00d2bb9d150416639",
            "assign_ipv6_address_on_creation": false,
            "availability_zone": "ap-south-1c",
            "availability_zone_id": "aps1-az2",
            "cidr_block": "10.0.8.0/24",
            "customer_owned_ipv4_pool": "",
            "enable_dns64": false,
            "enable_lni_at_device_index": 0,
            "enable_resource_name_dns_a_record_on_launch": false,
            "enable_resource_name_dns_aaaa_record_on_launch": false,
            "id": "subnet-00d2bb9d150416639",
            "ipv6_cidr_block": "",
            "ipv6_cidr_block_association_id": "",
            "ipv6_native": false,
            "map_customer_owned_ip_on_launch": false,
            "map_public_ip_on_launch": false,
            "outpost_arn": "",
            "owner_id": "480323591277",
            "private_dns_hostname_type_on_launch": "ip-name",
            "tags": {
              "Name": "2-Tier-DB-AZ3"
            },
            "tags_all": {
              "Name": "2-Tier-DB-AZ3"
            },
            "timeouts": null,
            "vpc_id": "vpc-08f047f8ff328e386"
          },
          "sensitive_attributes": [],
          "private": "eyJlMmJmYjczMC1lY2FhLTExZTYtOGY4OC0zNDM2M2JjN2M0YzAiOnsiY3JlYXRlIjo2MDAwMDAwMDAwMDAsImRlbGV0ZSI6MTIwMDAwMDAwMDAwMH0sInNjaGVtYV92ZXJzaW9uIjoiMSJ9",
          "dependencies": [
            "aws_vpc.two_tier_vpc"
          ]
        }
      ]
    },
    {
      "module": "module.Two-Tier-App-Server-01",
      "mode": "managed",
      "type": "aws_instance",
      "name": "two_tier_server",
      "provider": "provider[\"registry.terraform.io/hashicorp/aws\"]",
      "instances": [
        {
          "schema_version": 1,
          "attributes": {
            "ami": "ami-0f58b397bc5c1f2e8",
            "arn": "arn:aws:ec2:ap-south-1:480323591277:instance/i-0278456de1497592b",
            "associate_public_ip_address": false,
            "availability_zone": "ap-south-1a",
            "capacity_reservation_specification": [
              {
                "capacity_reservation_preference": "open",
                "capacity_reservation_target": []
              }
            ],
            "cpu_core_count": 1,
            "cpu_options": [
              {
                "amd_sev_snp": "",
                "core_count": 1,
                "threads_per_core": 1
              }
            ],
            "cpu_threads_per_core": 1,
            "credit_specification": [
              {
                "cpu_credits": "standard"
              }
            ],
            "disable_api_stop": false,
            "disable_api_termination": false,
            "ebs_block_device": [],
            "ebs_optimized": false,
            "enclave_options": [
              {
                "enabled": false
              }
            ],
            "ephemeral_block_device": [],
            "get_password_data": false,
            "hibernation": false,
            "host_id": "",
            "host_resource_group_arn": null,
            "iam_instance_profile": "",
            "id": "i-0278456de1497592b",
            "instance_initiated_shutdown_behavior": "stop",
            "instance_lifecycle": "",
            "instance_market_options": [],
            "instance_state": "running",
            "instance_type": "t2.micro",
            "ipv6_address_count": 0,
            "ipv6_addresses": [],
            "key_name": "Two_Tier_Key_Pair",
            "launch_template": [],
            "maintenance_options": [
              {
                "auto_recovery": "default"
              }
            ],
            "metadata_options": [
              {
                "http_endpoint": "enabled",
                "http_protocol_ipv6": "disabled",
                "http_put_response_hop_limit": 2,
                "http_tokens": "required",
                "instance_metadata_tags": "disabled"
              }
            ],
            "monitoring": false,
            "network_interface": [],
            "outpost_arn": "",
            "password_data": "",
            "placement_group": "",
            "placement_partition_number": 0,
            "primary_network_interface_id": "eni-05077d2552b7e08e8",
            "private_dns": "ip-10-0-3-115.ap-south-1.compute.internal",
            "private_dns_name_options": [
              {
                "enable_resource_name_dns_a_record": false,
                "enable_resource_name_dns_aaaa_record": false,
                "hostname_type": "ip-name"
              }
            ],
            "private_ip": "10.0.3.115",
            "public_dns": "",
            "public_ip": "",
            "root_block_device": [
              {
                "delete_on_termination": true,
                "device_name": "/dev/sda1",
                "encrypted": false,
                "iops": 3000,
                "kms_key_id": "",
                "tags": {},
                "tags_all": {},
                "throughput": 125,
                "volume_id": "vol-0367e2da18768062d",
                "volume_size": 8,
                "volume_type": "gp3"
              }
            ],
            "secondary_private_ips": [],
            "security_groups": [],
            "source_dest_check": true,
            "spot_instance_request_id": "",
            "subnet_id": "subnet-06a86eca9a560ba58",
            "tags": {
              "Name": "Two-Tier_App_001"
            },
            "tags_all": {
              "Name": "Two-Tier_App_001"
            },
            "tenancy": "default",
            "timeouts": null,
            "user_data": "57be3182d2de5813405dd35d2c3a3b934953c52f",
            "user_data_base64": null,
            "user_data_replace_on_change": false,
            "volume_tags": null,
            "vpc_security_group_ids": [
              "sg-0845d3e6d4f301c1d"
            ]
          },
          "sensitive_attributes": [],
          "private": "eyJlMmJmYjczMC1lY2FhLTExZTYtOGY4OC0zNDM2M2JjN2M0YzAiOnsiY3JlYXRlIjo2MDAwMDAwMDAwMDAsImRlbGV0ZSI6MTIwMDAwMDAwMDAwMCwicmVhZCI6OTAwMDAwMDAwMDAwLCJ1cGRhdGUiOjYwMDAwMDAwMDAwMH0sInNjaGVtYV92ZXJzaW9uIjoiMSJ9",
          "dependencies": [
            "aws_security_group.bastion_host_sg",
            "aws_security_group.two_tier_app_sg",
            "aws_security_group.two_tier_lb_sg",
            "aws_vpc.two_tier_vpc",
            "module.private_subnet_1.aws_subnet.main"
          ]
        }
      ]
    },
    {
      "module": "module.Two-Tier-App-Server-02",
      "mode": "managed",
      "type": "aws_instance",
      "name": "two_tier_server",
      "provider": "provider[\"registry.terraform.io/hashicorp/aws\"]",
      "instances": [
        {
          "schema_version": 1,
          "attributes": {
            "ami": "ami-0f58b397bc5c1f2e8",
            "arn": "arn:aws:ec2:ap-south-1:480323591277:instance/i-0e5d9c219f77f5462",
            "associate_public_ip_address": false,
            "availability_zone": "ap-south-1b",
            "capacity_reservation_specification": [
              {
                "capacity_reservation_preference": "open",
                "capacity_reservation_target": []
              }
            ],
            "cpu_core_count": 1,
            "cpu_options": [
              {
                "amd_sev_snp": "",
                "core_count": 1,
                "threads_per_core": 1
              }
            ],
            "cpu_threads_per_core": 1,
            "credit_specification": [
              {
                "cpu_credits": "standard"
              }
            ],
            "disable_api_stop": false,
            "disable_api_termination": false,
            "ebs_block_device": [],
            "ebs_optimized": false,
            "enclave_options": [
              {
                "enabled": false
              }
            ],
            "ephemeral_block_device": [],
            "get_password_data": false,
            "hibernation": false,
            "host_id": "",
            "host_resource_group_arn": null,
            "iam_instance_profile": "",
            "id": "i-0e5d9c219f77f5462",
            "instance_initiated_shutdown_behavior": "stop",
            "instance_lifecycle": "",
            "instance_market_options": [],
            "instance_state": "running",
            "instance_type": "t2.micro",
            "ipv6_address_count": 0,
            "ipv6_addresses": [],
            "key_name": "Two_Tier_Key_Pair",
            "launch_template": [],
            "maintenance_options": [
              {
                "auto_recovery": "default"
              }
            ],
            "metadata_options": [
              {
                "http_endpoint": "enabled",
                "http_protocol_ipv6": "disabled",
                "http_put_response_hop_limit": 2,
                "http_tokens": "required",
                "instance_metadata_tags": "disabled"
              }
            ],
            "monitoring": false,
            "network_interface": [],
            "outpost_arn": "",
            "password_data": "",
            "placement_group": "",
            "placement_partition_number": 0,
            "primary_network_interface_id": "eni-03de4cf4ffe53a311",
            "private_dns": "ip-10-0-4-253.ap-south-1.compute.internal",
            "private_dns_name_options": [
              {
                "enable_resource_name_dns_a_record": false,
                "enable_resource_name_dns_aaaa_record": false,
                "hostname_type": "ip-name"
              }
            ],
            "private_ip": "10.0.4.253",
            "public_dns": "",
            "public_ip": "",
            "root_block_device": [
              {
                "delete_on_termination": true,
                "device_name": "/dev/sda1",
                "encrypted": false,
                "iops": 3000,
                "kms_key_id": "",
                "tags": {},
                "tags_all": {},
                "throughput": 125,
                "volume_id": "vol-0d002a2d83ab24650",
                "volume_size": 8,
                "volume_type": "gp3"
              }
            ],
            "secondary_private_ips": [],
            "security_groups": [],
            "source_dest_check": true,
            "spot_instance_request_id": "",
            "subnet_id": "subnet-01b59f14ab3f5444c",
            "tags": {
              "Name": "Two-Tier_App_002"
            },
            "tags_all": {
              "Name": "Two-Tier_App_002"
            },
            "tenancy": "default",
            "timeouts": null,
            "user_data": "57be3182d2de5813405dd35d2c3a3b934953c52f",
            "user_data_base64": null,
            "user_data_replace_on_change": false,
            "volume_tags": null,
            "vpc_security_group_ids": [
              "sg-0845d3e6d4f301c1d"
            ]
          },
          "sensitive_attributes": [],
          "private": "eyJlMmJmYjczMC1lY2FhLTExZTYtOGY4OC0zNDM2M2JjN2M0YzAiOnsiY3JlYXRlIjo2MDAwMDAwMDAwMDAsImRlbGV0ZSI6MTIwMDAwMDAwMDAwMCwicmVhZCI6OTAwMDAwMDAwMDAwLCJ1cGRhdGUiOjYwMDAwMDAwMDAwMH0sInNjaGVtYV92ZXJzaW9uIjoiMSJ9",
          "dependencies": [
            "aws_security_group.bastion_host_sg",
            "aws_security_group.two_tier_app_sg",
            "aws_security_group.two_tier_lb_sg",
            "aws_vpc.two_tier_vpc",
            "module.private_subnet_2.aws_subnet.main"
          ]
        }
      ]
    },
    {
      "module": "module.private_subnet_1",
      "mode": "managed",
      "type": "aws_subnet",
      "name": "main",
      "provider": "provider[\"registry.terraform.io/hashicorp/aws\"]",
      "instances": [
        {
          "schema_version": 1,
          "attributes": {
            "arn": "arn:aws:ec2:ap-south-1:480323591277:subnet/subnet-06a86eca9a560ba58",
            "assign_ipv6_address_on_creation": false,
            "availability_zone": "ap-south-1a",
            "availability_zone_id": "aps1-az1",
            "cidr_block": "10.0.3.0/24",
            "customer_owned_ipv4_pool": "",
            "enable_dns64": false,
            "enable_lni_at_device_index": 0,
            "enable_resource_name_dns_a_record_on_launch": false,
            "enable_resource_name_dns_aaaa_record_on_launch": false,
            "id": "subnet-06a86eca9a560ba58",
            "ipv6_cidr_block": "",
            "ipv6_cidr_block_association_id": "",
            "ipv6_native": false,
            "map_customer_owned_ip_on_launch": false,
            "map_public_ip_on_launch": false,
            "outpost_arn": "",
            "owner_id": "480323591277",
            "private_dns_hostname_type_on_launch": "ip-name",
            "tags": {
              "Name": "2-Tier-private-AZ1"
            },
            "tags_all": {
              "Name": "2-Tier-private-AZ1"
            },
            "timeouts": null,
            "vpc_id": "vpc-08f047f8ff328e386"
          },
          "sensitive_attributes": [],
          "private": "eyJlMmJmYjczMC1lY2FhLTExZTYtOGY4OC0zNDM2M2JjN2M0YzAiOnsiY3JlYXRlIjo2MDAwMDAwMDAwMDAsImRlbGV0ZSI6MTIwMDAwMDAwMDAwMH0sInNjaGVtYV92ZXJzaW9uIjoiMSJ9",
          "dependencies": [
            "aws_vpc.two_tier_vpc"
          ]
        }
      ]
    },
    {
      "module": "module.private_subnet_2",
      "mode": "managed",
      "type": "aws_subnet",
      "name": "main",
      "provider": "provider[\"registry.terraform.io/hashicorp/aws\"]",
      "instances": [
        {
          "schema_version": 1,
          "attributes": {
            "arn": "arn:aws:ec2:ap-south-1:480323591277:subnet/subnet-01b59f14ab3f5444c",
            "assign_ipv6_address_on_creation": false,
            "availability_zone": "ap-south-1b",
            "availability_zone_id": "aps1-az3",
            "cidr_block": "10.0.4.0/24",
            "customer_owned_ipv4_pool": "",
            "enable_dns64": false,
            "enable_lni_at_device_index": 0,
            "enable_resource_name_dns_a_record_on_launch": false,
            "enable_resource_name_dns_aaaa_record_on_launch": false,
            "id": "subnet-01b59f14ab3f5444c",
            "ipv6_cidr_block": "",
            "ipv6_cidr_block_association_id": "",
            "ipv6_native": false,
            "map_customer_owned_ip_on_launch": false,
            "map_public_ip_on_launch": false,
            "outpost_arn": "",
            "owner_id": "480323591277",
            "private_dns_hostname_type_on_launch": "ip-name",
            "tags": {
              "Name": "2-Tier-private-AZ2"
            },
            "tags_all": {
              "Name": "2-Tier-private-AZ2"
            },
            "timeouts": null,
            "vpc_id": "vpc-08f047f8ff328e386"
          },
          "sensitive_attributes": [],
          "private": "eyJlMmJmYjczMC1lY2FhLTExZTYtOGY4OC0zNDM2M2JjN2M0YzAiOnsiY3JlYXRlIjo2MDAwMDAwMDAwMDAsImRlbGV0ZSI6MTIwMDAwMDAwMDAwMH0sInNjaGVtYV92ZXJzaW9uIjoiMSJ9",
          "dependencies": [
            "aws_vpc.two_tier_vpc"
          ]
        }
      ]
    },
    {
      "module": "module.private_subnet_3",
      "mode": "managed",
      "type": "aws_subnet",
      "name": "main",
      "provider": "provider[\"registry.terraform.io/hashicorp/aws\"]",
      "instances": [
        {
          "schema_version": 1,
          "attributes": {
            "arn": "arn:aws:ec2:ap-south-1:480323591277:subnet/subnet-0813fca643f6d9c65",
            "assign_ipv6_address_on_creation": false,
            "availability_zone": "ap-south-1c",
            "availability_zone_id": "aps1-az2",
            "cidr_block": "10.0.5.0/24",
            "customer_owned_ipv4_pool": "",
            "enable_dns64": false,
            "enable_lni_at_device_index": 0,
            "enable_resource_name_dns_a_record_on_launch": false,
            "enable_resource_name_dns_aaaa_record_on_launch": false,
            "id": "subnet-0813fca643f6d9c65",
            "ipv6_cidr_block": "",
            "ipv6_cidr_block_association_id": "",
            "ipv6_native": false,
            "map_customer_owned_ip_on_launch": false,
            "map_public_ip_on_launch": false,
            "outpost_arn": "",
            "owner_id": "480323591277",
            "private_dns_hostname_type_on_launch": "ip-name",
            "tags": {
              "Name": "2-Tier-private-AZ3"
            },
            "tags_all": {
              "Name": "2-Tier-private-AZ3"
            },
            "timeouts": null,
            "vpc_id": "vpc-08f047f8ff328e386"
          },
          "sensitive_attributes": [],
          "private": "eyJlMmJmYjczMC1lY2FhLTExZTYtOGY4OC0zNDM2M2JjN2M0YzAiOnsiY3JlYXRlIjo2MDAwMDAwMDAwMDAsImRlbGV0ZSI6MTIwMDAwMDAwMDAwMH0sInNjaGVtYV92ZXJzaW9uIjoiMSJ9",
          "dependencies": [
            "aws_vpc.two_tier_vpc"
          ]
        }
      ]
    },
    {
      "module": "module.public_subnet_1",
      "mode": "managed",
      "type": "aws_subnet",
      "name": "main",
      "provider": "provider[\"registry.terraform.io/hashicorp/aws\"]",
      "instances": [
        {
          "schema_version": 1,
          "attributes": {
            "arn": "arn:aws:ec2:ap-south-1:480323591277:subnet/subnet-05b5e6ce76f776540",
            "assign_ipv6_address_on_creation": false,
            "availability_zone": "ap-south-1a",
            "availability_zone_id": "aps1-az1",
            "cidr_block": "10.0.0.0/24",
            "customer_owned_ipv4_pool": "",
            "enable_dns64": false,
            "enable_lni_at_device_index": 0,
            "enable_resource_name_dns_a_record_on_launch": false,
            "enable_resource_name_dns_aaaa_record_on_launch": false,
            "id": "subnet-05b5e6ce76f776540",
            "ipv6_cidr_block": "",
            "ipv6_cidr_block_association_id": "",
            "ipv6_native": false,
            "map_customer_owned_ip_on_launch": false,
            "map_public_ip_on_launch": true,
            "outpost_arn": "",
            "owner_id": "480323591277",
            "private_dns_hostname_type_on_launch": "ip-name",
            "tags": {
              "Name": "2-Tier-Public-AZ1"
            },
            "tags_all": {
              "Name": "2-Tier-Public-AZ1"
            },
            "timeouts": null,
            "vpc_id": "vpc-08f047f8ff328e386"
          },
          "sensitive_attributes": [],
          "private": "eyJlMmJmYjczMC1lY2FhLTExZTYtOGY4OC0zNDM2M2JjN2M0YzAiOnsiY3JlYXRlIjo2MDAwMDAwMDAwMDAsImRlbGV0ZSI6MTIwMDAwMDAwMDAwMH0sInNjaGVtYV92ZXJzaW9uIjoiMSJ9",
          "dependencies": [
            "aws_vpc.two_tier_vpc"
          ]
        }
      ]
    },
    {
      "module": "module.public_subnet_2",
      "mode": "managed",
      "type": "aws_subnet",
      "name": "main",
      "provider": "provider[\"registry.terraform.io/hashicorp/aws\"]",
      "instances": [
        {
          "schema_version": 1,
          "attributes": {
            "arn": "arn:aws:ec2:ap-south-1:480323591277:subnet/subnet-0274dd430ffcfdbbd",
            "assign_ipv6_address_on_creation": false,
            "availability_zone": "ap-south-1b",
            "availability_zone_id": "aps1-az3",
            "cidr_block": "10.0.1.0/24",
            "customer_owned_ipv4_pool": "",
            "enable_dns64": false,
            "enable_lni_at_device_index": 0,
            "enable_resource_name_dns_a_record_on_launch": false,
            "enable_resource_name_dns_aaaa_record_on_launch": false,
            "id": "subnet-0274dd430ffcfdbbd",
            "ipv6_cidr_block": "",
            "ipv6_cidr_block_association_id": "",
            "ipv6_native": false,
            "map_customer_owned_ip_on_launch": false,
            "map_public_ip_on_launch": true,
            "outpost_arn": "",
            "owner_id": "480323591277",
            "private_dns_hostname_type_on_launch": "ip-name",
            "tags": {
              "Name": "2-Tier-Public-AZ2"
            },
            "tags_all": {
              "Name": "2-Tier-Public-AZ2"
            },
            "timeouts": null,
            "vpc_id": "vpc-08f047f8ff328e386"
          },
          "sensitive_attributes": [],
          "private": "eyJlMmJmYjczMC1lY2FhLTExZTYtOGY4OC0zNDM2M2JjN2M0YzAiOnsiY3JlYXRlIjo2MDAwMDAwMDAwMDAsImRlbGV0ZSI6MTIwMDAwMDAwMDAwMH0sInNjaGVtYV92ZXJzaW9uIjoiMSJ9",
          "dependencies": [
            "aws_vpc.two_tier_vpc"
          ]
        }
      ]
    },
    {
      "module": "module.public_subnet_3",
      "mode": "managed",
      "type": "aws_subnet",
      "name": "main",
      "provider": "provider[\"registry.terraform.io/hashicorp/aws\"]",
      "instances": [
        {
          "schema_version": 1,
          "attributes": {
            "arn": "arn:aws:ec2:ap-south-1:480323591277:subnet/subnet-0bcb16b7c27c7fdec",
            "assign_ipv6_address_on_creation": false,
            "availability_zone": "ap-south-1c",
            "availability_zone_id": "aps1-az2",
            "cidr_block": "10.0.2.0/24",
            "customer_owned_ipv4_pool": "",
            "enable_dns64": false,
            "enable_lni_at_device_index": 0,
            "enable_resource_name_dns_a_record_on_launch": false,
            "enable_resource_name_dns_aaaa_record_on_launch": false,
            "id": "subnet-0bcb16b7c27c7fdec",
            "ipv6_cidr_block": "",
            "ipv6_cidr_block_association_id": "",
            "ipv6_native": false,
            "map_customer_owned_ip_on_launch": false,
            "map_public_ip_on_launch": true,
            "outpost_arn": "",
            "owner_id": "480323591277",
            "private_dns_hostname_type_on_launch": "ip-name",
            "tags": {
              "Name": "2-Tier-Public-AZ3"
            },
            "tags_all": {
              "Name": "2-Tier-Public-AZ3"
            },
            "timeouts": null,
            "vpc_id": "vpc-08f047f8ff328e386"
          },
          "sensitive_attributes": [],
          "private": "eyJlMmJmYjczMC1lY2FhLTExZTYtOGY4OC0zNDM2M2JjN2M0YzAiOnsiY3JlYXRlIjo2MDAwMDAwMDAwMDAsImRlbGV0ZSI6MTIwMDAwMDAwMDAwMH0sInNjaGVtYV92ZXJzaW9uIjoiMSJ9",
          "dependencies": [
            "aws_vpc.two_tier_vpc"
          ]
        }
      ]
    }
  ],
  "check_results": null
}
